<?xml version="1.0" encoding="utf-8"?>
<Project xmlns="http://schemas.microsoft.com/developer/msbuild/2003">
  <ItemGroup>
    <Filter Include="Form Files">
      <UniqueIdentifier>{99349809-55BA-4b9d-BF79-8FDBB0286EB3}</UniqueIdentifier>
      <Extensions>ui</Extensions>
      <ParseFiles>false</ParseFiles>
    </Filter>
    <Filter Include="Form Files">
      <UniqueIdentifier>{99349809-55BA-4b9d-BF79-8FDBB0286EB3}</UniqueIdentifier>
      <Extensions>ui</Extensions>
      <ParseFiles>false</ParseFiles>
    </Filter>
    <Filter Include="Generated Files">
      <UniqueIdentifier>{71ED8ED8-ACB9-4CE9-BBE1-E00B30144E11}</UniqueIdentifier>
      <Extensions>cpp;c;cxx;moc;h;def;odl;idl;res;</Extensions>
    </Filter>
    <Filter Include="Generated Files">
      <UniqueIdentifier>{71ED8ED8-ACB9-4CE9-BBE1-E00B30144E11}</UniqueIdentifier>
      <Extensions>cpp;c;cxx;moc;h;def;odl;idl;res;</Extensions>
    </Filter>
    <Filter Include="Header Files">
      <UniqueIdentifier>{93995380-89BD-4b04-88EB-625FBE52EBFB}</UniqueIdentifier>
      <Extensions>h;hpp;hxx;hm;inl;inc;xsd</Extensions>
    </Filter>
    <Filter Include="Header Files">
      <UniqueIdentifier>{93995380-89BD-4b04-88EB-625FBE52EBFB}</UniqueIdentifier>
      <Extensions>h;hpp;hxx;hm;inl;inc;xsd</Extensions>
    </Filter>
    <Filter Include="Resource Files">
      <UniqueIdentifier>{D9D6E242-F8AF-46E4-B9FD-80ECBC20BA3E}</UniqueIdentifier>
      <Extensions>qrc;*</Extensions>
      <ParseFiles>false</ParseFiles>
    </Filter>
    <Filter Include="Resource Files">
      <UniqueIdentifier>{D9D6E242-F8AF-46E4-B9FD-80ECBC20BA3E}</UniqueIdentifier>
      <Extensions>qrc;*</Extensions>
      <ParseFiles>false</ParseFiles>
    </Filter>
    <Filter Include="Source Files">
      <UniqueIdentifier>{4FC737F1-C7A5-4376-A066-2A32D752A2FF}</UniqueIdentifier>
      <Extensions>cpp;c;cxx;def;odl;idl;hpj;bat;asm;asmx</Extensions>
    </Filter>
    <Filter Include="Source Files">
      <UniqueIdentifier>{4FC737F1-C7A5-4376-A066-2A32D752A2FF}</UniqueIdentifier>
      <Extensions>cpp;c;cxx;def;odl;idl;hpj;bat;asm;asmx</Extensions>
    </Filter>
    <Filter Include="Translation Files">
      <UniqueIdentifier>{639EADAA-A684-42e4-A9AD-28FC9BCB8F7C}</UniqueIdentifier>
      <Extensions>ts;xlf</Extensions>
      <ParseFiles>false</ParseFiles>
    </Filter>
    <Filter Include="Translation Files">
      <UniqueIdentifier>{639EADAA-A684-42e4-A9AD-28FC9BCB8F7C}</UniqueIdentifier>
      <Extensions>ts;xlf</Extensions>
      <ParseFiles>false</ParseFiles>
    </Filter>
  </ItemGroup>
  <ItemGroup>
    <ClCompile Include="mouseover_win32\ThTypes.c">
      <Filter>Source Files</Filter>
    </ClCompile>
    <ClCompile Include="aard.cc">
      <Filter>Source Files</Filter>
    </ClCompile>
    <ClCompile Include="about.cc">
      <Filter>Source Files</Filter>
    </ClCompile>
    <ClCompile Include="article_maker.cc">
      <Filter>Source Files</Filter>
    </ClCompile>
    <ClCompile Include="article_netmgr.cc">
      <Filter>Source Files</Filter>
    </ClCompile>
    <ClCompile Include="articleview.cc">
      <Filter>Source Files</Filter>
    </ClCompile>
    <ClCompile Include="articlewebview.cc">
      <Filter>Source Files</Filter>
    </ClCompile>
    <ClCompile Include="atomic_rename.cc">
      <Filter>Source Files</Filter>
    </ClCompile>
    <ClCompile Include="audiolink.cc">
      <Filter>Source Files</Filter>
    </ClCompile>
    <ClCompile Include="audioplayerfactory.cc">
      <Filter>Source Files</Filter>
    </ClCompile>
    <ClCompile Include="belarusiantranslit.cc">
      <Filter>Source Files</Filter>
    </ClCompile>
    <ClCompile Include="bgl.cc">
      <Filter>Source Files</Filter>
    </ClCompile>
    <ClCompile Include="bgl_babylon.cc">
      <Filter>Source Files</Filter>
    </ClCompile>
    <ClCompile Include="broken_xrecord.cc">
      <Filter>Source Files</Filter>
    </ClCompile>
    <ClCompile Include="btreeidx.cc">
      <Filter>Source Files</Filter>
    </ClCompile>
    <ClCompile Include="chinese.cc">
      <Filter>Source Files</Filter>
    </ClCompile>
    <ClCompile Include="chineseconversion.cc">
      <Filter>Source Files</Filter>
    </ClCompile>
    <ClCompile Include="chunkedstorage.cc">
      <Filter>Source Files</Filter>
    </ClCompile>
    <ClCompile Include="config.cc">
      <Filter>Source Files</Filter>
    </ClCompile>
    <ClCompile Include="country.cc">
      <Filter>Source Files</Filter>
    </ClCompile>
    <ClCompile Include="decompress.cc">
      <Filter>Source Files</Filter>
    </ClCompile>
    <ClCompile Include="delegate.cc">
      <Filter>Source Files</Filter>
    </ClCompile>
    <ClCompile Include="dictdfiles.cc">
      <Filter>Source Files</Filter>
    </ClCompile>
    <ClCompile Include="dictheadwords.cc">
      <Filter>Source Files</Filter>
    </ClCompile>
    <ClCompile Include="dictinfo.cc">
      <Filter>Source Files</Filter>
    </ClCompile>
    <ClCompile Include="dictionary.cc">
      <Filter>Source Files</Filter>
    </ClCompile>
    <ClCompile Include="dictionarybar.cc">
      <Filter>Source Files</Filter>
    </ClCompile>
    <ClCompile Include="dictserver.cc">
      <Filter>Source Files</Filter>
    </ClCompile>
    <ClCompile Include="dictzip.c">
      <Filter>Source Files</Filter>
    </ClCompile>
    <ClCompile Include="dsl.cc">
      <Filter>Source Files</Filter>
    </ClCompile>
    <ClCompile Include="dsl_details.cc">
      <Filter>Source Files</Filter>
    </ClCompile>
    <ClCompile Include="editdictionaries.cc">
      <Filter>Source Files</Filter>
    </ClCompile>
    <ClCompile Include="epwing.cc">
      <Filter>Source Files</Filter>
    </ClCompile>
    <ClCompile Include="epwing_book.cc">
      <Filter>Source Files</Filter>
    </ClCompile>
    <ClCompile Include="epwing_charmap.cc">
      <Filter>Source Files</Filter>
    </ClCompile>
    <ClCompile Include="externalaudioplayer.cc">
      <Filter>Source Files</Filter>
    </ClCompile>
    <ClCompile Include="externalviewer.cc">
      <Filter>Source Files</Filter>
    </ClCompile>
    <ClCompile Include="extlineedit.cc">
      <Filter>Source Files</Filter>
    </ClCompile>
    <ClCompile Include="favoritespanewidget.cc">
      <Filter>Source Files</Filter>
    </ClCompile>
    <ClCompile Include="ffmpegaudio.cc">
      <Filter>Source Files</Filter>
    </ClCompile>
    <ClCompile Include="file.cc">
      <Filter>Source Files</Filter>
    </ClCompile>
    <ClCompile Include="filetype.cc">
      <Filter>Source Files</Filter>
    </ClCompile>
    <ClCompile Include="folding.cc">
      <Filter>Source Files</Filter>
    </ClCompile>
    <ClCompile Include="forvo.cc">
      <Filter>Source Files</Filter>
    </ClCompile>
    <ClCompile Include="fsencoding.cc">
      <Filter>Source Files</Filter>
    </ClCompile>
    <ClCompile Include="ftshelpers.cc">
      <Filter>Source Files</Filter>
    </ClCompile>
    <ClCompile Include="fulltextsearch.cc">
      <Filter>Source Files</Filter>
    </ClCompile>
    <ClCompile Include="gdappstyle.cc">
      <Filter>Source Files</Filter>
    </ClCompile>
    <ClCompile Include="gddebug.cc">
      <Filter>Source Files</Filter>
    </ClCompile>
    <ClCompile Include="german.cc">
      <Filter>Source Files</Filter>
    </ClCompile>
    <ClCompile Include="gestures.cc">
      <Filter>Source Files</Filter>
    </ClCompile>
    <ClCompile Include="gico_schemahandler.cpp">
      <Filter>Source Files</Filter>
    </ClCompile>
    <ClCompile Include="gls.cc">
      <Filter>Source Files</Filter>
    </ClCompile>
    <ClCompile Include="greektranslit.cc">
      <Filter>Source Files</Filter>
    </ClCompile>
    <ClCompile Include="groupcombobox.cc">
      <Filter>Source Files</Filter>
    </ClCompile>
    <ClCompile Include="groups.cc">
      <Filter>Source Files</Filter>
    </ClCompile>
    <ClCompile Include="groups_widgets.cc">
      <Filter>Source Files</Filter>
    </ClCompile>
    <ClCompile Include="guids.c">
      <Filter>Source Files</Filter>
    </ClCompile>
    <ClCompile Include="helpwindow.cc">
      <Filter>Source Files</Filter>
    </ClCompile>
    <ClCompile Include="history.cc">
      <Filter>Source Files</Filter>
    </ClCompile>
    <ClCompile Include="historypanewidget.cc">
      <Filter>Source Files</Filter>
    </ClCompile>
    <ClCompile Include="hotkeyedit.cc">
      <Filter>Source Files</Filter>
    </ClCompile>
    <ClCompile Include="hotkeywrapper.cc">
      <Filter>Source Files</Filter>
    </ClCompile>
    <ClCompile Include="htmlescape.cc">
      <Filter>Source Files</Filter>
    </ClCompile>
    <ClCompile Include="hunspell.cc">
      <Filter>Source Files</Filter>
    </ClCompile>
    <ClCompile Include="iconv.cc">
      <Filter>Source Files</Filter>
    </ClCompile>
    <ClCompile Include="indexedzip.cc">
      <Filter>Source Files</Filter>
    </ClCompile>
    <ClCompile Include="initializing.cc">
      <Filter>Source Files</Filter>
    </ClCompile>
    <ClCompile Include="instances.cc">
      <Filter>Source Files</Filter>
    </ClCompile>
    <ClCompile Include="keyboardstate.cc">
      <Filter>Source Files</Filter>
    </ClCompile>
    <ClCompile Include="langcoder.cc">
      <Filter>Source Files</Filter>
    </ClCompile>
    <ClCompile Include="language.cc">
      <Filter>Source Files</Filter>
    </ClCompile>
    <ClCompile Include="loaddictionaries.cc">
      <Filter>Source Files</Filter>
    </ClCompile>
    <ClCompile Include="lsa.cc">
      <Filter>Source Files</Filter>
    </ClCompile>
    <ClCompile Include="main.cc">
      <Filter>Source Files</Filter>
    </ClCompile>
    <ClCompile Include="mainstatusbar.cc">
      <Filter>Source Files</Filter>
    </ClCompile>
    <ClCompile Include="maintabwidget.cc">
      <Filter>Source Files</Filter>
    </ClCompile>
    <ClCompile Include="mainwindow.cc">
      <Filter>Source Files</Filter>
    </ClCompile>
    <ClCompile Include="mdictparser.cc">
      <Filter>Source Files</Filter>
    </ClCompile>
    <ClCompile Include="mdx.cc">
      <Filter>Source Files</Filter>
    </ClCompile>
    <ClCompile Include="mediawiki.cc">
      <Filter>Source Files</Filter>
    </ClCompile>
    <ClCompile Include="mouseover.cc">
      <Filter>Source Files</Filter>
    </ClCompile>
    <ClCompile Include="mruqmenu.cc">
      <Filter>Source Files</Filter>
    </ClCompile>
    <ClCompile Include="multimediaaudioplayer.cc">
      <Filter>Source Files</Filter>
    </ClCompile>
    <ClCompile Include="mutex.cc">
      <Filter>Source Files</Filter>
    </ClCompile>
    <ClCompile Include="orderandprops.cc">
      <Filter>Source Files</Filter>
    </ClCompile>
    <ClCompile Include="parsecmdline.cc">
      <Filter>Source Files</Filter>
    </ClCompile>
    <ClCompile Include="preferences.cc">
      <Filter>Source Files</Filter>
    </ClCompile>
    <ClCompile Include="processwrapper.cc">
      <Filter>Source Files</Filter>
    </ClCompile>
    <ClCompile Include="programs.cc">
      <Filter>Source Files</Filter>
    </ClCompile>
    <ClCompile Include="ripemd.cc">
      <Filter>Source Files</Filter>
    </ClCompile>
    <ClCompile Include="romaji.cc">
      <Filter>Source Files</Filter>
    </ClCompile>
    <ClCompile Include="russiantranslit.cc">
      <Filter>Source Files</Filter>
    </ClCompile>
    <ClCompile Include="scanpopup.cc">
      <Filter>Source Files</Filter>
    </ClCompile>
    <ClCompile Include="sdict.cc">
      <Filter>Source Files</Filter>
    </ClCompile>
    <ClCompile Include="slob.cc">
      <Filter>Source Files</Filter>
    </ClCompile>
    <ClCompile Include="sounddir.cc">
      <Filter>Source Files</Filter>
    </ClCompile>
    <ClCompile Include="sources.cc">
      <Filter>Source Files</Filter>
    </ClCompile>
    <ClCompile Include="speechclient_win.cc">
      <Filter>Source Files</Filter>
    </ClCompile>
    <ClCompile Include="speechhlp.cc">
      <Filter>Source Files</Filter>
    </ClCompile>
    <ClCompile Include="splitfile.cc">
      <Filter>Source Files</Filter>
    </ClCompile>
    <ClCompile Include="stardict.cc">
      <Filter>Source Files</Filter>
    </ClCompile>
    <ClCompile Include="stylescombobox.cc">
      <Filter>Source Files</Filter>
    </ClCompile>
    <ClCompile Include="termination.cc">
      <Filter>Source Files</Filter>
    </ClCompile>
    <ClCompile Include="texttospeechsource.cc">
      <Filter>Source Files</Filter>
    </ClCompile>
    <ClCompile Include="tiff.cc">
      <Filter>Source Files</Filter>
    </ClCompile>
    <ClCompile Include="translatebox.cc">
      <Filter>Source Files</Filter>
    </ClCompile>
    <ClCompile Include="transliteration.cc">
      <Filter>Source Files</Filter>
    </ClCompile>
    <ClCompile Include="treeview.cc">
      <Filter>Source Files</Filter>
    </ClCompile>
    <ClCompile Include="ufile.cc">
      <Filter>Source Files</Filter>
    </ClCompile>
    <ClCompile Include="utf8.cc">
      <Filter>Source Files</Filter>
    </ClCompile>
    <ClCompile Include="voiceengines.cc">
      <Filter>Source Files</Filter>
    </ClCompile>
    <ClCompile Include="webmultimediadownload.cc">
      <Filter>Source Files</Filter>
    </ClCompile>
    <ClCompile Include="website.cc">
      <Filter>Source Files</Filter>
    </ClCompile>
    <ClCompile Include="wildcard.cc">
      <Filter>Source Files</Filter>
    </ClCompile>
    <ClCompile Include="wordbyauto.cc">
      <Filter>Source Files</Filter>
    </ClCompile>
    <ClCompile Include="wordfinder.cc">
      <Filter>Source Files</Filter>
    </ClCompile>
    <ClCompile Include="wordlist.cc">
      <Filter>Source Files</Filter>
    </ClCompile>
    <ClCompile Include="wstring.cc">
      <Filter>Source Files</Filter>
    </ClCompile>
    <ClCompile Include="wstring_qt.cc">
      <Filter>Source Files</Filter>
    </ClCompile>
    <ClCompile Include="x64.cc">
      <Filter>Source Files</Filter>
    </ClCompile>
    <ClCompile Include="xdxf.cc">
      <Filter>Source Files</Filter>
    </ClCompile>
    <ClCompile Include="xdxf2html.cc">
      <Filter>Source Files</Filter>
    </ClCompile>
    <ClCompile Include="zim.cc">
      <Filter>Source Files</Filter>
    </ClCompile>
    <ClCompile Include="zipfile.cc">
      <Filter>Source Files</Filter>
    </ClCompile>
    <ClCompile Include="zipsounds.cc">
      <Filter>Source Files</Filter>
    </ClCompile>
    <ClCompile Include="weburlrequestinterceptor.cpp">
      <Filter>Source Files</Filter>
    </ClCompile>
  </ItemGroup>
  <ItemGroup>
    <ClInclude Include="mouseover_win32\ThTypes.h">
      <Filter>Header Files</Filter>
    </ClInclude>
    <ClInclude Include="aard.hh">
      <Filter>Header Files</Filter>
    </ClInclude>
    <QtMoc Include="about.hh">
      <Filter>Header Files</Filter>
    </QtMoc>
    <QtMoc Include="article_maker.hh">
      <Filter>Header Files</Filter>
    </QtMoc>
    <QtMoc Include="article_netmgr.hh">
      <Filter>Header Files</Filter>
    </QtMoc>
    <QtMoc Include="articleview.hh">
      <Filter>Header Files</Filter>
    </QtMoc>
    <QtMoc Include="articlewebview.hh">
      <Filter>Header Files</Filter>
    </QtMoc>
    <ClInclude Include="atomic_rename.hh">
      <Filter>Header Files</Filter>
    </ClInclude>
    <ClInclude Include="audiolink.hh">
      <Filter>Header Files</Filter>
    </ClInclude>
    <ClInclude Include="audioplayerfactory.hh">
      <Filter>Header Files</Filter>
    </ClInclude>
    <QtMoc Include="audioplayerinterface.hh">
      <Filter>Header Files</Filter>
    </QtMoc>
    <ClInclude Include="belarusiantranslit.hh">
      <Filter>Header Files</Filter>
    </ClInclude>
    <ClInclude Include="bgl.hh">
      <Filter>Header Files</Filter>
    </ClInclude>
    <ClInclude Include="bgl_babylon.hh">
      <Filter>Header Files</Filter>
    </ClInclude>
    <ClInclude Include="broken_xrecord.hh">
      <Filter>Header Files</Filter>
    </ClInclude>
    <ClInclude Include="btreeidx.hh">
      <Filter>Header Files</Filter>
    </ClInclude>
    <ClInclude Include="chinese.hh">
      <Filter>Header Files</Filter>
    </ClInclude>
    <QtMoc Include="chineseconversion.hh">
      <Filter>Header Files</Filter>
    </QtMoc>
    <ClInclude Include="chunkedstorage.hh">
      <Filter>Header Files</Filter>
    </ClInclude>
    <QtMoc Include="config.hh">
      <Filter>Header Files</Filter>
    </QtMoc>
    <ClInclude Include="country.hh">
      <Filter>Header Files</Filter>
    </ClInclude>
    <ClInclude Include="cpp_features.hh">
      <Filter>Header Files</Filter>
    </ClInclude>
    <ClInclude Include="decompress.hh">
      <Filter>Header Files</Filter>
    </ClInclude>
    <ClInclude Include="delegate.hh">
      <Filter>Header Files</Filter>
    </ClInclude>
    <ClInclude Include="dictdfiles.hh">
      <Filter>Header Files</Filter>
    </ClInclude>
    <QtMoc Include="dictheadwords.hh">
      <Filter>Header Files</Filter>
    </QtMoc>
    <QtMoc Include="dictinfo.hh">
      <Filter>Header Files</Filter>
    </QtMoc>
    <QtMoc Include="dictionary.hh">
      <Filter>Header Files</Filter>
    </QtMoc>
    <QtMoc Include="dictionarybar.hh">
      <Filter>Header Files</Filter>
    </QtMoc>
    <ClInclude Include="dictserver.hh">
      <Filter>Header Files</Filter>
    </ClInclude>
    <QtMoc Include="dictspanewidget.hh">
      <Filter>Header Files</Filter>
    </QtMoc>
    <ClInclude Include="dictzip.h">
      <Filter>Header Files</Filter>
    </ClInclude>
    <ClInclude Include="dsl.hh">
      <Filter>Header Files</Filter>
    </ClInclude>
    <ClInclude Include="dsl_details.hh">
      <Filter>Header Files</Filter>
    </ClInclude>
    <QtMoc Include="editdictionaries.hh">
      <Filter>Header Files</Filter>
    </QtMoc>
    <ClInclude Include="epwing.hh">
      <Filter>Header Files</Filter>
    </ClInclude>
    <ClInclude Include="epwing_book.hh">
      <Filter>Header Files</Filter>
    </ClInclude>
    <ClInclude Include="epwing_charmap.hh">
      <Filter>Header Files</Filter>
    </ClInclude>
    <ClInclude Include="ex.hh">
      <Filter>Header Files</Filter>
    </ClInclude>
    <QtMoc Include="externalaudioplayer.hh">
      <Filter>Header Files</Filter>
    </QtMoc>
    <QtMoc Include="externalviewer.hh">
      <Filter>Header Files</Filter>
    </QtMoc>
    <QtMoc Include="extlineedit.hh">
      <Filter>Header Files</Filter>
    </QtMoc>
    <QtMoc Include="favoritespanewidget.hh">
      <Filter>Header Files</Filter>
    </QtMoc>
    <QtMoc Include="ffmpegaudio.hh">
      <Filter>Header Files</Filter>
    </QtMoc>
    <QtMoc Include="ffmpegaudioplayer.hh">
      <Filter>Header Files</Filter>
    </QtMoc>
    <ClInclude Include="file.hh">
      <Filter>Header Files</Filter>
    </ClInclude>
    <ClInclude Include="filetype.hh">
      <Filter>Header Files</Filter>
    </ClInclude>
    <ClInclude Include="folding.hh">
      <Filter>Header Files</Filter>
    </ClInclude>
    <QtMoc Include="forvo.hh">
      <Filter>Header Files</Filter>
    </QtMoc>
    <ClInclude Include="fsencoding.hh">
      <Filter>Header Files</Filter>
    </ClInclude>
    <ClInclude Include="ftshelpers.hh">
      <Filter>Header Files</Filter>
    </ClInclude>
    <QtMoc Include="fulltextsearch.hh">
      <Filter>Header Files</Filter>
    </QtMoc>
    <QtMoc Include="gdappstyle.hh">
      <Filter>Header Files</Filter>
    </QtMoc>
    <ClInclude Include="gddebug.hh">
      <Filter>Header Files</Filter>
    </ClInclude>
    <ClInclude Include="german.hh">
      <Filter>Header Files</Filter>
    </ClInclude>
    <ClInclude Include="gestures.hh">
      <Filter>Header Files</Filter>
    </ClInclude>
    <QtMoc Include="gico_schemahandler.h">
      <Filter>Header Files</Filter>
    </QtMoc>
    <ClInclude Include="gls.hh">
      <Filter>Header Files</Filter>
    </ClInclude>
    <ClInclude Include="greektranslit.hh">
      <Filter>Header Files</Filter>
    </ClInclude>
    <QtMoc Include="groupcombobox.hh">
      <Filter>Header Files</Filter>
    </QtMoc>
    <QtMoc Include="groups.hh">
      <Filter>Header Files</Filter>
    </QtMoc>
    <QtMoc Include="groups_widgets.hh">
      <Filter>Header Files</Filter>
    </QtMoc>
    <QtMoc Include="helpwindow.hh">
      <Filter>Header Files</Filter>
    </QtMoc>
    <QtMoc Include="history.hh">
      <Filter>Header Files</Filter>
    </QtMoc>
    <QtMoc Include="historypanewidget.hh">
      <Filter>Header Files</Filter>
    </QtMoc>
    <QtMoc Include="hotkeyedit.hh">
      <Filter>Header Files</Filter>
    </QtMoc>
    <ClInclude Include="hotkeys.h">
      <Filter>Header Files</Filter>
    </ClInclude>
    <QtMoc Include="hotkeywrapper.hh">
      <Filter>Header Files</Filter>
    </QtMoc>
    <ClInclude Include="htmlescape.hh">
      <Filter>Header Files</Filter>
    </ClInclude>
    <ClInclude Include="hunspell.hh">
      <Filter>Header Files</Filter>
    </ClInclude>
    <ClInclude Include="iconv.hh">
      <Filter>Header Files</Filter>
    </ClInclude>
    <ClInclude Include="inc_case_folding.hh">
      <Filter>Header Files</Filter>
    </ClInclude>
    <ClInclude Include="inc_diacritic_folding.hh">
      <Filter>Header Files</Filter>
    </ClInclude>
    <ClInclude Include="indexedzip.hh">
      <Filter>Header Files</Filter>
    </ClInclude>
    <QtMoc Include="initializing.hh">
      <Filter>Header Files</Filter>
    </QtMoc>
    <ClInclude Include="instances.hh">
      <Filter>Header Files</Filter>
    </ClInclude>
    <ClInclude Include="keyboardstate.hh">
      <Filter>Header Files</Filter>
    </ClInclude>
    <ClInclude Include="langcoder.hh">
      <Filter>Header Files</Filter>
    </ClInclude>
    <ClInclude Include="language.hh">
      <Filter>Header Files</Filter>
    </ClInclude>
    <QtMoc Include="loaddictionaries.hh">
      <Filter>Header Files</Filter>
    </QtMoc>
    <ClInclude Include="lsa.hh">
      <Filter>Header Files</Filter>
    </ClInclude>
    <QtMoc Include="mainstatusbar.hh">
      <Filter>Header Files</Filter>
    </QtMoc>
    <QtMoc Include="maintabwidget.hh">
      <Filter>Header Files</Filter>
    </QtMoc>
    <QtMoc Include="mainwindow.hh">
      <Filter>Header Files</Filter>
    </QtMoc>
    <ClInclude Include="mdictparser.hh">
      <Filter>Header Files</Filter>
    </ClInclude>
    <ClInclude Include="mdx.hh">
      <Filter>Header Files</Filter>
    </ClInclude>
    <QtMoc Include="mediawiki.hh">
      <Filter>Header Files</Filter>
    </QtMoc>
    <QtMoc Include="mouseover.hh">
      <Filter>Header Files</Filter>
    </QtMoc>
    <QtMoc Include="mruqmenu.hh">
      <Filter>Header Files</Filter>
    </QtMoc>
    <QtMoc Include="multimediaaudioplayer.hh">
      <Filter>Header Files</Filter>
    </QtMoc>
    <ClInclude Include="mutex.hh">
      <Filter>Header Files</Filter>
    </ClInclude>
    <QtMoc Include="orderandprops.hh">
      <Filter>Header Files</Filter>
    </QtMoc>
    <ClInclude Include="parsecmdline.hh">
      <Filter>Header Files</Filter>
    </ClInclude>
    <QtMoc Include="preferences.hh">
      <Filter>Header Files</Filter>
    </QtMoc>
    <ClInclude Include="processwrapper.hh">
      <Filter>Header Files</Filter>
    </ClInclude>
    <QtMoc Include="programs.hh">
      <Filter>Header Files</Filter>
    </QtMoc>
    <ClInclude Include="utils.hh">
      <Filter>Header Files</Filter>
    </ClInclude>
    <ClInclude Include="ripemd.hh">
      <Filter>Header Files</Filter>
    </ClInclude>
    <ClInclude Include="romaji.hh">
      <Filter>Header Files</Filter>
    </ClInclude>
    <ClInclude Include="russiantranslit.hh">
      <Filter>Header Files</Filter>
    </ClInclude>
    <ClInclude Include="sapi.hh">
      <Filter>Header Files</Filter>
    </ClInclude>
    <QtMoc Include="scanpopup.hh">
      <Filter>Header Files</Filter>
    </QtMoc>
    <ClInclude Include="sdict.hh">
      <Filter>Header Files</Filter>
    </ClInclude>
    <ClInclude Include="searchpanewidget.hh">
      <Filter>Header Files</Filter>
    </ClInclude>
    <ClInclude Include="slob.hh">
      <Filter>Header Files</Filter>
    </ClInclude>
    <ClInclude Include="sounddir.hh">
      <Filter>Header Files</Filter>
    </ClInclude>
    <QtMoc Include="sources.hh">
      <Filter>Header Files</Filter>
    </QtMoc>
    <QtMoc Include="speechclient.hh">
      <Filter>Header Files</Filter>
    </QtMoc>
    <ClInclude Include="speechhlp.hh">
      <Filter>Header Files</Filter>
    </ClInclude>
    <ClInclude Include="sphelper.hh">
      <Filter>Header Files</Filter>
    </ClInclude>
    <ClInclude Include="splitfile.hh">
      <Filter>Header Files</Filter>
    </ClInclude>
    <ClInclude Include="sptr.hh">
      <Filter>Header Files</Filter>
    </ClInclude>
    <ClInclude Include="stardict.hh">
      <Filter>Header Files</Filter>
    </ClInclude>
    <QtMoc Include="stylescombobox.hh">
      <Filter>Header Files</Filter>
    </QtMoc>
    <ClInclude Include="termination.hh">
      <Filter>Header Files</Filter>
    </ClInclude>
    <QtMoc Include="texttospeechsource.hh">
      <Filter>Header Files</Filter>
    </QtMoc>
    <ClInclude Include="tiff.hh">
      <Filter>Header Files</Filter>
    </ClInclude>
    <QtMoc Include="translatebox.hh">
      <Filter>Header Files</Filter>
    </QtMoc>
    <ClInclude Include="transliteration.hh">
      <Filter>Header Files</Filter>
    </ClInclude>
    <ClInclude Include="treeview.hh">
      <Filter>Header Files</Filter>
    </ClInclude>
    <ClInclude Include="ufile.hh">
      <Filter>Header Files</Filter>
    </ClInclude>
    <ClInclude Include="uiauto.hh">
      <Filter>Header Files</Filter>
    </ClInclude>
    <ClInclude Include="utf8.hh">
      <Filter>Header Files</Filter>
    </ClInclude>
    <ClInclude Include="voiceengines.hh">
      <Filter>Header Files</Filter>
    </ClInclude>
    <QtMoc Include="webmultimediadownload.hh">
      <Filter>Header Files</Filter>
    </QtMoc>
    <QtMoc Include="website.hh">
      <Filter>Header Files</Filter>
    </QtMoc>
    <ClInclude Include="wildcard.hh">
      <Filter>Header Files</Filter>
    </ClInclude>
    <ClInclude Include="wordbyauto.hh">
      <Filter>Header Files</Filter>
    </ClInclude>
    <QtMoc Include="wordfinder.hh">
      <Filter>Header Files</Filter>
    </QtMoc>
    <QtMoc Include="wordlist.hh">
      <Filter>Header Files</Filter>
    </QtMoc>
    <ClInclude Include="wstring.hh">
      <Filter>Header Files</Filter>
    </ClInclude>
    <ClInclude Include="wstring_qt.hh">
      <Filter>Header Files</Filter>
    </ClInclude>
    <ClInclude Include="x64.hh">
      <Filter>Header Files</Filter>
    </ClInclude>
    <ClInclude Include="xdxf.hh">
      <Filter>Header Files</Filter>
    </ClInclude>
    <ClInclude Include="xdxf2html.hh">
      <Filter>Header Files</Filter>
    </ClInclude>
    <ClInclude Include="zim.hh">
      <Filter>Header Files</Filter>
    </ClInclude>
    <ClInclude Include="zipfile.hh">
      <Filter>Header Files</Filter>
    </ClInclude>
    <ClInclude Include="zipsounds.hh">
      <Filter>Header Files</Filter>
    </ClInclude>
  </ItemGroup>
  <ItemGroup>
    <CustomBuild Include="build\moc_predefs.h.cbt">
      <Filter>Generated Files</Filter>
    </CustomBuild>
  </ItemGroup>
  <ItemGroup>
    <CustomBuild Include="locale\ar_SA.ts">
      <Filter>Translation Files</Filter>
    </CustomBuild>
    <CustomBuild Include="locale\ay_WI.ts">
      <Filter>Translation Files</Filter>
    </CustomBuild>
    <CustomBuild Include="locale\be_BY.ts">
      <Filter>Translation Files</Filter>
    </CustomBuild>
    <CustomBuild Include="locale\be_BY@latin.ts">
      <Filter>Translation Files</Filter>
    </CustomBuild>
    <CustomBuild Include="locale\bg_BG.ts">
      <Filter>Translation Files</Filter>
    </CustomBuild>
    <CustomBuild Include="locale\cs_CZ.ts">
      <Filter>Translation Files</Filter>
    </CustomBuild>
    <CustomBuild Include="locale\de_DE.ts">
      <Filter>Translation Files</Filter>
    </CustomBuild>
    <CustomBuild Include="locale\el_GR.ts">
      <Filter>Translation Files</Filter>
    </CustomBuild>
    <CustomBuild Include="locale\eo_EO.ts">
      <Filter>Translation Files</Filter>
    </CustomBuild>
    <CustomBuild Include="locale\es_AR.ts">
      <Filter>Translation Files</Filter>
    </CustomBuild>
    <CustomBuild Include="locale\es_BO.ts">
      <Filter>Translation Files</Filter>
    </CustomBuild>
    <CustomBuild Include="locale\es_ES.ts">
      <Filter>Translation Files</Filter>
    </CustomBuild>
    <CustomBuild Include="locale\fa_IR.ts">
      <Filter>Translation Files</Filter>
    </CustomBuild>
    <CustomBuild Include="locale\fi_FI.ts">
      <Filter>Translation Files</Filter>
    </CustomBuild>
    <CustomBuild Include="locale\fr_FR.ts">
      <Filter>Translation Files</Filter>
    </CustomBuild>
    <CustomBuild Include="locale\hi_IN.ts">
      <Filter>Translation Files</Filter>
    </CustomBuild>
    <CustomBuild Include="locale\ie_001.ts">
      <Filter>Translation Files</Filter>
    </CustomBuild>
    <CustomBuild Include="locale\it_IT.ts">
      <Filter>Translation Files</Filter>
    </CustomBuild>
    <CustomBuild Include="locale\ja_JP.ts">
      <Filter>Translation Files</Filter>
    </CustomBuild>
    <CustomBuild Include="locale\jb_JB.ts">
      <Filter>Translation Files</Filter>
    </CustomBuild>
    <CustomBuild Include="locale\ko_KR.ts">
      <Filter>Translation Files</Filter>
    </CustomBuild>
    <CustomBuild Include="locale\lt_LT.ts">
      <Filter>Translation Files</Filter>
    </CustomBuild>
    <CustomBuild Include="locale\mk_MK.ts">
      <Filter>Translation Files</Filter>
    </CustomBuild>
    <CustomBuild Include="locale\nl_NL.ts">
      <Filter>Translation Files</Filter>
    </CustomBuild>
    <CustomBuild Include="locale\pl_PL.ts">
      <Filter>Translation Files</Filter>
    </CustomBuild>
    <CustomBuild Include="locale\pt_BR.ts">
      <Filter>Translation Files</Filter>
    </CustomBuild>
    <CustomBuild Include="locale\qu_WI.ts">
      <Filter>Translation Files</Filter>
    </CustomBuild>
    <CustomBuild Include="locale\ru_RU.ts">
      <Filter>Translation Files</Filter>
    </CustomBuild>
    <CustomBuild Include="locale\sk_SK.ts">
      <Filter>Translation Files</Filter>
    </CustomBuild>
    <CustomBuild Include="locale\sq_AL.ts">
      <Filter>Translation Files</Filter>
    </CustomBuild>
    <CustomBuild Include="locale\sr_SR.ts">
      <Filter>Translation Files</Filter>
    </CustomBuild>
    <CustomBuild Include="locale\sv_SE.ts">
      <Filter>Translation Files</Filter>
    </CustomBuild>
    <CustomBuild Include="locale\tg_TJ.ts">
      <Filter>Translation Files</Filter>
    </CustomBuild>
    <CustomBuild Include="locale\tk_TM.ts">
      <Filter>Translation Files</Filter>
    </CustomBuild>
    <CustomBuild Include="locale\tr_TR.ts">
      <Filter>Translation Files</Filter>
    </CustomBuild>
    <CustomBuild Include="locale\uk_UA.ts">
      <Filter>Translation Files</Filter>
    </CustomBuild>
    <CustomBuild Include="locale\vi_VN.ts">
      <Filter>Translation Files</Filter>
    </CustomBuild>
    <CustomBuild Include="locale\zh_CN.ts">
      <Filter>Translation Files</Filter>
    </CustomBuild>
    <CustomBuild Include="locale\zh_TW.ts">
      <Filter>Translation Files</Filter>
    </CustomBuild>
  </ItemGroup>
  <ItemGroup>
    <QtUic Include="about.ui">
      <Filter>Form Files</Filter>
    </QtUic>
    <QtUic Include="articleview.ui">
      <Filter>Form Files</Filter>
    </QtUic>
    <QtUic Include="authentication.ui">
      <Filter>Form Files</Filter>
    </QtUic>
    <QtUic Include="chineseconversion.ui">
      <Filter>Form Files</Filter>
    </QtUic>
    <QtUic Include="dictgroupwidget.ui">
      <Filter>Form Files</Filter>
    </QtUic>
    <QtUic Include="dictheadwords.ui">
      <Filter>Form Files</Filter>
    </QtUic>
    <QtUic Include="dictinfo.ui">
      <Filter>Form Files</Filter>
    </QtUic>
    <QtUic Include="editdictionaries.ui">
      <Filter>Form Files</Filter>
    </QtUic>
    <QtUic Include="fulltextsearch.ui">
      <Filter>Form Files</Filter>
    </QtUic>
    <QtUic Include="groups.ui">
      <Filter>Form Files</Filter>
    </QtUic>
    <QtUic Include="initializing.ui">
      <Filter>Form Files</Filter>
    </QtUic>
    <QtUic Include="mainwindow.ui">
      <Filter>Form Files</Filter>
    </QtUic>
    <QtUic Include="orderandprops.ui">
      <Filter>Form Files</Filter>
    </QtUic>
    <QtUic Include="preferences.ui">
      <Filter>Form Files</Filter>
    </QtUic>
    <QtUic Include="scanpopup.ui">
      <Filter>Form Files</Filter>
    </QtUic>
    <QtUic Include="sources.ui">
      <Filter>Form Files</Filter>
    </QtUic>
    <QtUic Include="texttospeechsource.ui">
      <Filter>Form Files</Filter>
    </QtUic>
  </ItemGroup>
  <ItemGroup>
    <None Include="icons\1downarrow.png">
      <Filter>Resource Files</Filter>
    </None>
    <None Include="CREDITS.txt">
      <Filter>Resource Files</Filter>
    </None>
    <None Include="flags\ad.png">
      <Filter>Resource Files</Filter>
    </None>
    <None Include="icons\addtab.png">
      <Filter>Resource Files</Filter>
    </None>
    <None Include="flags\ae.png">
      <Filter>Resource Files</Filter>
    </None>
    <None Include="flags\af.png">
      <Filter>Resource Files</Filter>
    </None>
    <None Include="flags\ag.png">
      <Filter>Resource Files</Filter>
    </None>
    <None Include="flags\ai.png">
      <Filter>Resource Files</Filter>
    </None>
    <None Include="flags\al.png">
      <Filter>Resource Files</Filter>
    </None>
    <None Include="flags\am.png">
      <Filter>Resource Files</Filter>
    </None>
    <None Include="flags\an.png">
      <Filter>Resource Files</Filter>
    </None>
    <None Include="flags\ao.png">
      <Filter>Resource Files</Filter>
    </None>
    <None Include="flags\ar.png">
      <Filter>Resource Files</Filter>
    </None>
    <None Include="icons\arrow.png">
      <Filter>Resource Files</Filter>
    </None>
    <None Include="article-style-print.css">
      <Filter>Resource Files</Filter>
    </None>
    <None Include="article-style-st-babylon.css">
      <Filter>Resource Files</Filter>
    </None>
    <None Include="article-style-st-lingoes-blue.css">
      <Filter>Resource Files</Filter>
    </None>
    <None Include="article-style-st-lingoes.css">
      <Filter>Resource Files</Filter>
    </None>
    <None Include="article-style-st-lingvo.css">
      <Filter>Resource Files</Filter>
    </None>
    <None Include="article-style-st-modern.css">
      <Filter>Resource Files</Filter>
    </None>
    <None Include="article-style.css">
      <Filter>Resource Files</Filter>
    </None>
    <None Include="flags\as.png">
      <Filter>Resource Files</Filter>
    </None>
    <None Include="flags\at.png">
      <Filter>Resource Files</Filter>
    </None>
    <None Include="flags\au.png">
      <Filter>Resource Files</Filter>
    </None>
    <None Include="flags\aw.png">
      <Filter>Resource Files</Filter>
    </None>
    <None Include="flags\ax.png">
      <Filter>Resource Files</Filter>
    </None>
    <None Include="flags\az.png">
      <Filter>Resource Files</Filter>
    </None>
    <None Include="flags\ba.png">
      <Filter>Resource Files</Filter>
    </None>
    <None Include="flags\bb.png">
      <Filter>Resource Files</Filter>
    </None>
    <None Include="flags\bd.png">
      <Filter>Resource Files</Filter>
    </None>
    <None Include="flags\be.png">
      <Filter>Resource Files</Filter>
    </None>
    <None Include="flags\bf.png">
      <Filter>Resource Files</Filter>
    </None>
    <None Include="flags\bg.png">
      <Filter>Resource Files</Filter>
    </None>
    <None Include="flags\bh.png">
      <Filter>Resource Files</Filter>
    </None>
    <None Include="flags\bi.png">
      <Filter>Resource Files</Filter>
    </None>
    <None Include="flags\bj.png">
      <Filter>Resource Files</Filter>
    </None>
    <None Include="icons\blank.png">
      <Filter>Resource Files</Filter>
    </None>
    <None Include="flags\bm.png">
      <Filter>Resource Files</Filter>
    </None>
    <None Include="flags\bn.png">
      <Filter>Resource Files</Filter>
    </None>
    <None Include="flags\bo.png">
      <Filter>Resource Files</Filter>
    </None>
    <None Include="icons\book.png">
      <Filter>Resource Files</Filter>
    </None>
    <None Include="icons\bookcase.png">
      <Filter>Resource Files</Filter>
    </None>
    <None Include="flags\br.png">
      <Filter>Resource Files</Filter>
    </None>
    <None Include="flags\bs.png">
      <Filter>Resource Files</Filter>
    </None>
    <None Include="flags\bt.png">
      <Filter>Resource Files</Filter>
    </None>
    <None Include="flags\bv.png">
      <Filter>Resource Files</Filter>
    </None>
    <None Include="flags\bw.png">
      <Filter>Resource Files</Filter>
    </None>
    <None Include="flags\by.png">
      <Filter>Resource Files</Filter>
    </None>
    <None Include="flags\bz.png">
      <Filter>Resource Files</Filter>
    </None>
    <None Include="flags\ca.png">
      <Filter>Resource Files</Filter>
    </None>
    <None Include="flags\catalonia.png">
      <Filter>Resource Files</Filter>
    </None>
    <None Include="flags\cc.png">
      <Filter>Resource Files</Filter>
    </None>
    <None Include="flags\cd.png">
      <Filter>Resource Files</Filter>
    </None>
    <None Include="flags\cf.png">
      <Filter>Resource Files</Filter>
    </None>
    <None Include="flags\cg.png">
      <Filter>Resource Files</Filter>
    </None>
    <None Include="flags\ch.png">
      <Filter>Resource Files</Filter>
    </None>
    <None Include="flags\ci.png">
      <Filter>Resource Files</Filter>
    </None>
    <None Include="flags\ck.png">
      <Filter>Resource Files</Filter>
    </None>
    <None Include="flags\cl.png">
      <Filter>Resource Files</Filter>
    </None>
    <None Include="icons\clear.png">
      <Filter>Resource Files</Filter>
    </None>
    <None Include="icons\closetab.png">
      <Filter>Resource Files</Filter>
    </None>
    <None Include="flags\cm.png">
      <Filter>Resource Files</Filter>
    </None>
    <None Include="flags\cn.png">
      <Filter>Resource Files</Filter>
    </None>
    <None Include="flags\co.png">
      <Filter>Resource Files</Filter>
    </None>
    <None Include="icons\collapse_article.png">
      <Filter>Resource Files</Filter>
    </None>
    <None Include="icons\collapse_article_hovered.png">
      <Filter>Resource Files</Filter>
    </None>
    <None Include="icons\collapse_opt.png">
      <Filter>Resource Files</Filter>
    </None>
    <None Include="icons\configure.png">
      <Filter>Resource Files</Filter>
    </None>
    <None Include="flags\cr.png">
      <Filter>Resource Files</Filter>
    </None>
    <None Include="flags\cs.png">
      <Filter>Resource Files</Filter>
    </None>
    <None Include="flags\cu.png">
      <Filter>Resource Files</Filter>
    </None>
    <None Include="flags\cv.png">
      <Filter>Resource Files</Filter>
    </None>
    <None Include="flags\cx.png">
      <Filter>Resource Files</Filter>
    </None>
    <None Include="flags\cy.png">
      <Filter>Resource Files</Filter>
    </None>
    <None Include="flags\cz.png">
      <Filter>Resource Files</Filter>
    </None>
    <None Include="flags\de.png">
      <Filter>Resource Files</Filter>
    </None>
    <None Include="flags\dj.png">
      <Filter>Resource Files</Filter>
    </None>
    <None Include="flags\dk.png">
      <Filter>Resource Files</Filter>
    </None>
    <None Include="flags\dm.png">
      <Filter>Resource Files</Filter>
    </None>
    <None Include="flags\do.png">
      <Filter>Resource Files</Filter>
    </None>
    <None Include="icons\downarrow.png">
      <Filter>Resource Files</Filter>
    </None>
    <None Include="flags\dz.png">
      <Filter>Resource Files</Filter>
    </None>
    <None Include="flags\ec.png">
      <Filter>Resource Files</Filter>
    </None>
    <None Include="flags\ee.png">
      <Filter>Resource Files</Filter>
    </None>
    <None Include="flags\eg.png">
      <Filter>Resource Files</Filter>
    </None>
    <None Include="flags\eh.png">
      <Filter>Resource Files</Filter>
    </None>
    <None Include="flags\en.png">
      <Filter>Resource Files</Filter>
    </None>
    <None Include="flags\england.png">
      <Filter>Resource Files</Filter>
    </None>
    <None Include="flags\eo.png">
      <Filter>Resource Files</Filter>
    </None>
    <None Include="flags\er.png">
      <Filter>Resource Files</Filter>
    </None>
    <None Include="icons\error.png">
      <Filter>Resource Files</Filter>
    </None>
    <None Include="flags\es.png">
      <Filter>Resource Files</Filter>
    </None>
    <None Include="flags\et.png">
      <Filter>Resource Files</Filter>
    </None>
    <None Include="flags\europeanunion.png">
      <Filter>Resource Files</Filter>
    </None>
    <None Include="icons\expand_article.png">
      <Filter>Resource Files</Filter>
    </None>
    <None Include="icons\expand_article_hovered.png">
      <Filter>Resource Files</Filter>
    </None>
    <None Include="icons\expand_opt.png">
      <Filter>Resource Files</Filter>
    </None>
    <None Include="flags\fam.png">
      <Filter>Resource Files</Filter>
    </None>
    <None Include="flags\fi.png">
      <Filter>Resource Files</Filter>
    </None>
    <None Include="icons\fileopen.png">
      <Filter>Resource Files</Filter>
    </None>
    <None Include="icons\filesave.png">
      <Filter>Resource Files</Filter>
    </None>
    <None Include="flags\fj.png">
      <Filter>Resource Files</Filter>
    </None>
    <None Include="flags\fk.png">
      <Filter>Resource Files</Filter>
    </None>
    <QtRcc Include="flags.qrc">
      <Filter>Resource Files</Filter>
    </QtRcc>
    <None Include="flags\fm.png">
      <Filter>Resource Files</Filter>
    </None>
    <None Include="flags\fo.png">
      <Filter>Resource Files</Filter>
    </None>
    <None Include="flags\folder.png">
      <Filter>Resource Files</Filter>
    </None>
    <None Include="icons\folder.png">
      <Filter>Resource Files</Filter>
    </None>
    <None Include="icons\forvo.png">
      <Filter>Resource Files</Filter>
    </None>
    <None Include="flags\fr.png">
      <Filter>Resource Files</Filter>
    </None>
    <None Include="flags\ga.png">
      <Filter>Resource Files</Filter>
    </None>
    <None Include="flags\gb.png">
      <Filter>Resource Files</Filter>
    </None>
    <None Include="flags\gd.png">
      <Filter>Resource Files</Filter>
    </None>
    <None Include="flags\ge.png">
      <Filter>Resource Files</Filter>
    </None>
    <None Include="flags\gf.png">
      <Filter>Resource Files</Filter>
    </None>
    <None Include="flags\gh.png">
      <Filter>Resource Files</Filter>
    </None>
    <None Include="flags\gi.png">
      <Filter>Resource Files</Filter>
    </None>
    <None Include="flags\gl.png">
      <Filter>Resource Files</Filter>
    </None>
    <None Include="flags\gm.png">
      <Filter>Resource Files</Filter>
    </None>
    <None Include="flags\gn.png">
      <Filter>Resource Files</Filter>
    </None>
    <None Include="flags\gp.png">
      <Filter>Resource Files</Filter>
    </None>
    <None Include="flags\gq.png">
      <Filter>Resource Files</Filter>
    </None>
    <None Include="flags\gr.png">
      <Filter>Resource Files</Filter>
    </None>
    <None Include="flags\gs.png">
      <Filter>Resource Files</Filter>
    </None>
    <None Include="flags\gt.png">
      <Filter>Resource Files</Filter>
    </None>
    <None Include="flags\gu.png">
      <Filter>Resource Files</Filter>
    </None>
    <None Include="flags\gw.png">
      <Filter>Resource Files</Filter>
    </None>
    <None Include="flags\gy.png">
      <Filter>Resource Files</Filter>
    </None>
    <None Include="icons\highlighter.png">
      <Filter>Resource Files</Filter>
    </None>
    <None Include="flags\hk.png">
      <Filter>Resource Files</Filter>
    </None>
    <None Include="flags\hm.png">
      <Filter>Resource Files</Filter>
    </None>
    <None Include="flags\hn.png">
      <Filter>Resource Files</Filter>
    </None>
    <None Include="icons\home.png">
      <Filter>Resource Files</Filter>
    </None>
    <None Include="icons\hotkeys.png">
      <Filter>Resource Files</Filter>
    </None>
    <None Include="flags\hr.png">
      <Filter>Resource Files</Filter>
    </None>
    <None Include="flags\ht.png">
      <Filter>Resource Files</Filter>
    </None>
    <None Include="flags\hu.png">
      <Filter>Resource Files</Filter>
    </None>
    <None Include="icons\icon32_aard.png">
      <Filter>Resource Files</Filter>
    </None>
    <None Include="icons\icon32_bgl.png">
      <Filter>Resource Files</Filter>
    </None>
    <None Include="icons\icon32_dictd.png">
      <Filter>Resource Files</Filter>
    </None>
    <None Include="icons\icon32_dsl.png">
      <Filter>Resource Files</Filter>
    </None>
    <None Include="icons\icon32_epwing.png">
      <Filter>Resource Files</Filter>
    </None>
    <None Include="icons\icon32_gls.png">
      <Filter>Resource Files</Filter>
    </None>
    <None Include="icons\icon32_hunspell.png">
      <Filter>Resource Files</Filter>
    </None>
    <None Include="icons\icon32_lingoes.png">
      <Filter>Resource Files</Filter>
    </None>
    <None Include="icons\icon32_sdict.png">
      <Filter>Resource Files</Filter>
    </None>
    <None Include="icons\icon32_slob.png">
      <Filter>Resource Files</Filter>
    </None>
    <None Include="icons\icon32_stardict.png">
      <Filter>Resource Files</Filter>
    </None>
    <None Include="icons\icon32_wiki.png">
      <Filter>Resource Files</Filter>
    </None>
    <None Include="icons\icon32_xdxf.png">
      <Filter>Resource Files</Filter>
    </None>
    <None Include="icons\icon32_zim.png">
      <Filter>Resource Files</Filter>
    </None>
    <None Include="icons\icon32_zoombase.png">
      <Filter>Resource Files</Filter>
    </None>
    <None Include="icons\icon32_zoomin.png">
      <Filter>Resource Files</Filter>
    </None>
    <None Include="icons\icon32_zoomout.png">
      <Filter>Resource Files</Filter>
    </None>
    <None Include="icons\icon_dsl_native.png">
      <Filter>Resource Files</Filter>
    </None>
    <None Include="flags\id.png">
      <Filter>Resource Files</Filter>
    </None>
    <None Include="flags\ie.png">
      <Filter>Resource Files</Filter>
    </None>
    <None Include="flags\il.png">
      <Filter>Resource Files</Filter>
    </None>
    <None Include="flags\in.png">
      <Filter>Resource Files</Filter>
    </None>
    <None Include="icons\interface.png">
      <Filter>Resource Files</Filter>
    </None>
    <None Include="icons\internet.png">
      <Filter>Resource Files</Filter>
    </None>
    <None Include="flags\io.png">
      <Filter>Resource Files</Filter>
    </None>
    <None Include="flags\iq.png">
      <Filter>Resource Files</Filter>
    </None>
    <None Include="flags\ir.png">
      <Filter>Resource Files</Filter>
    </None>
    <None Include="flags\is.png">
      <Filter>Resource Files</Filter>
    </None>
    <None Include="flags\it.png">
      <Filter>Resource Files</Filter>
    </None>
    <None Include="flags\ja.png">
      <Filter>Resource Files</Filter>
    </None>
    <None Include="flags\jb.png">
      <Filter>Resource Files</Filter>
    </None>
    <None Include="flags\jm.png">
      <Filter>Resource Files</Filter>
    </None>
    <None Include="flags\jo.png">
      <Filter>Resource Files</Filter>
    </None>
    <None Include="flags\jp.png">
      <Filter>Resource Files</Filter>
    </None>
    <None Include="flags\ke.png">
      <Filter>Resource Files</Filter>
    </None>
    <None Include="flags\kg.png">
      <Filter>Resource Files</Filter>
    </None>
    <None Include="flags\kh.png">
      <Filter>Resource Files</Filter>
    </None>
    <None Include="flags\ki.png">
      <Filter>Resource Files</Filter>
    </None>
    <None Include="flags\km.png">
      <Filter>Resource Files</Filter>
    </None>
    <None Include="flags\kn.png">
      <Filter>Resource Files</Filter>
    </None>
    <None Include="flags\kp.png">
      <Filter>Resource Files</Filter>
    </None>
    <None Include="flags\kr.png">
      <Filter>Resource Files</Filter>
    </None>
    <None Include="flags\kw.png">
      <Filter>Resource Files</Filter>
    </None>
    <None Include="flags\ky.png">
      <Filter>Resource Files</Filter>
    </None>
    <None Include="flags\kz.png">
      <Filter>Resource Files</Filter>
    </None>
    <None Include="flags\la.png">
      <Filter>Resource Files</Filter>
    </None>
    <None Include="flags\lb.png">
      <Filter>Resource Files</Filter>
    </None>
    <None Include="flags\lc.png">
      <Filter>Resource Files</Filter>
    </None>
    <None Include="flags\li.png">
      <Filter>Resource Files</Filter>
    </None>
    <None Include="flags\lk.png">
      <Filter>Resource Files</Filter>
    </None>
    <None Include="flags\lr.png">
      <Filter>Resource Files</Filter>
    </None>
    <None Include="flags\ls.png">
      <Filter>Resource Files</Filter>
    </None>
    <None Include="flags\lt.png">
      <Filter>Resource Files</Filter>
    </None>
    <None Include="flags\lu.png">
      <Filter>Resource Files</Filter>
    </None>
    <None Include="flags\lv.png">
      <Filter>Resource Files</Filter>
    </None>
    <None Include="flags\ly.png">
      <Filter>Resource Files</Filter>
    </None>
    <None Include="flags\ma.png">
      <Filter>Resource Files</Filter>
    </None>
    <None Include="icons\macicon.png">
      <Filter>Resource Files</Filter>
    </None>
    <None Include="flags\mc.png">
      <Filter>Resource Files</Filter>
    </None>
    <None Include="flags\md.png">
      <Filter>Resource Files</Filter>
    </None>
    <None Include="icons\mdict.png">
      <Filter>Resource Files</Filter>
    </None>
    <None Include="flags\me.png">
      <Filter>Resource Files</Filter>
    </None>
    <None Include="icons\menu_button.png">
      <Filter>Resource Files</Filter>
    </None>
    <None Include="flags\mg.png">
      <Filter>Resource Files</Filter>
    </None>
    <None Include="flags\mh.png">
      <Filter>Resource Files</Filter>
    </None>
    <None Include="flags\mk.png">
      <Filter>Resource Files</Filter>
    </None>
    <None Include="flags\ml.png">
      <Filter>Resource Files</Filter>
    </None>
    <None Include="flags\mm.png">
      <Filter>Resource Files</Filter>
    </None>
    <None Include="flags\mn.png">
      <Filter>Resource Files</Filter>
    </None>
    <None Include="flags\mo.png">
      <Filter>Resource Files</Filter>
    </None>
    <None Include="flags\mp.png">
      <Filter>Resource Files</Filter>
    </None>
    <None Include="flags\mq.png">
      <Filter>Resource Files</Filter>
    </None>
    <None Include="flags\mr.png">
      <Filter>Resource Files</Filter>
    </None>
    <None Include="flags\ms.png">
      <Filter>Resource Files</Filter>
    </None>
    <None Include="flags\mt.png">
      <Filter>Resource Files</Filter>
    </None>
    <None Include="flags\mu.png">
      <Filter>Resource Files</Filter>
    </None>
    <None Include="flags\mv.png">
      <Filter>Resource Files</Filter>
    </None>
    <None Include="flags\mw.png">
      <Filter>Resource Files</Filter>
    </None>
    <None Include="flags\mx.png">
      <Filter>Resource Files</Filter>
    </None>
    <None Include="flags\my.png">
      <Filter>Resource Files</Filter>
    </None>
    <None Include="flags\mz.png">
      <Filter>Resource Files</Filter>
    </None>
    <None Include="flags\na.png">
      <Filter>Resource Files</Filter>
    </None>
    <None Include="flags\nc.png">
      <Filter>Resource Files</Filter>
    </None>
    <None Include="flags\ne.png">
      <Filter>Resource Files</Filter>
    </None>
    <None Include="icons\network.png">
      <Filter>Resource Files</Filter>
    </None>
    <None Include="icons\next.png">
      <Filter>Resource Files</Filter>
    </None>
    <None Include="flags\nf.png">
      <Filter>Resource Files</Filter>
    </None>
    <None Include="flags\ng.png">
      <Filter>Resource Files</Filter>
    </None>
    <None Include="flags\ni.png">
      <Filter>Resource Files</Filter>
    </None>
    <None Include="flags\nl.png">
      <Filter>Resource Files</Filter>
    </None>
    <None Include="flags\no.png">
      <Filter>Resource Files</Filter>
    </None>
    <None Include="flags\np.png">
      <Filter>Resource Files</Filter>
    </None>
    <None Include="flags\nr.png">
      <Filter>Resource Files</Filter>
    </None>
    <None Include="flags\nu.png">
      <Filter>Resource Files</Filter>
    </None>
    <None Include="flags\nz.png">
      <Filter>Resource Files</Filter>
    </None>
    <None Include="flags\om.png">
      <Filter>Resource Files</Filter>
    </None>
    <None Include="icons\ontop.png">
      <Filter>Resource Files</Filter>
    </None>
    <None Include="flags\other.png">
      <Filter>Resource Files</Filter>
    </None>
    <None Include="flags\pa.png">
      <Filter>Resource Files</Filter>
    </None>
    <None Include="flags\pe.png">
      <Filter>Resource Files</Filter>
    </None>
    <None Include="flags\pf.png">
      <Filter>Resource Files</Filter>
    </None>
    <None Include="flags\pg.png">
      <Filter>Resource Files</Filter>
    </None>
    <None Include="flags\ph.png">
      <Filter>Resource Files</Filter>
    </None>
    <None Include="flags\pk.png">
      <Filter>Resource Files</Filter>
    </None>
    <None Include="flags\pl.png">
      <Filter>Resource Files</Filter>
    </None>
    <None Include="icons\playsound.png">
      <Filter>Resource Files</Filter>
    </None>
    <None Include="icons\playsound_color.png">
      <Filter>Resource Files</Filter>
    </None>
    <None Include="icons\playsound_full.png">
      <Filter>Resource Files</Filter>
    </None>
    <None Include="flags\pm.png">
      <Filter>Resource Files</Filter>
    </None>
    <None Include="flags\pn.png">
      <Filter>Resource Files</Filter>
    </None>
    <None Include="flags\pr.png">
      <Filter>Resource Files</Filter>
    </None>
    <None Include="icons\prefix.png">
      <Filter>Resource Files</Filter>
    </None>
    <None Include="icons\previous.png">
      <Filter>Resource Files</Filter>
    </None>
    <None Include="icons\print.png">
      <Filter>Resource Files</Filter>
    </None>
    <None Include="icons\programicon.png">
      <Filter>Resource Files</Filter>
    </None>
    <None Include="icons\programicon_old.png">
      <Filter>Resource Files</Filter>
    </None>
    <None Include="icons\programicon_scan.png">
      <Filter>Resource Files</Filter>
    </None>
    <None Include="icons\programs.png">
      <Filter>Resource Files</Filter>
    </None>
    <None Include="flags\ps.png">
      <Filter>Resource Files</Filter>
    </None>
    <None Include="flags\pt.png">
      <Filter>Resource Files</Filter>
    </None>
    <None Include="icons\pushpin.png">
      <Filter>Resource Files</Filter>
    </None>
    <None Include="flags\pw.png">
      <Filter>Resource Files</Filter>
    </None>
    <None Include="flags\py.png">
      <Filter>Resource Files</Filter>
    </None>
    <None Include="flags\qa.png">
      <Filter>Resource Files</Filter>
    </None>
    <None Include="qt-style-macos.css">
      <Filter>Resource Files</Filter>
    </None>
    <None Include="qt-style-st-babylon.css">
      <Filter>Resource Files</Filter>
    </None>
    <None Include="qt-style-st-lingoes-blue.css">
      <Filter>Resource Files</Filter>
    </None>
    <None Include="qt-style-st-lingvo.css">
      <Filter>Resource Files</Filter>
    </None>
    <None Include="qt-style-st-modern.css">
      <Filter>Resource Files</Filter>
    </None>
    <None Include="qt-style.css">
      <Filter>Resource Files</Filter>
    </None>
    <None Include="flags\re.png">
      <Filter>Resource Files</Filter>
    </None>
    <None Include="icons\reload.png">
      <Filter>Resource Files</Filter>
    </None>
    <QtRcc Include="resources.qrc">
      <Filter>Resource Files</Filter>
    </QtRcc>
    <None Include="flags\ro.png">
      <Filter>Resource Files</Filter>
    </None>
    <None Include="flags\rs.png">
      <Filter>Resource Files</Filter>
    </None>
    <None Include="flags\ru.png">
      <Filter>Resource Files</Filter>
    </None>
    <None Include="flags\rw.png">
      <Filter>Resource Files</Filter>
    </None>
    <None Include="flags\sa.png">
      <Filter>Resource Files</Filter>
    </None>
    <None Include="flags\sb.png">
      <Filter>Resource Files</Filter>
    </None>
    <None Include="flags\sc.png">
      <Filter>Resource Files</Filter>
    </None>
    <None Include="flags\scotland.png">
      <Filter>Resource Files</Filter>
    </None>
    <None Include="flags\sd.png">
      <Filter>Resource Files</Filter>
    </None>
    <None Include="flags\se.png">
      <Filter>Resource Files</Filter>
    </None>
    <None Include="flags\sg.png">
      <Filter>Resource Files</Filter>
    </None>
    <None Include="flags\sh.png">
      <Filter>Resource Files</Filter>
    </None>
    <None Include="flags\si.png">
      <Filter>Resource Files</Filter>
    </None>
    <None Include="flags\sj.png">
      <Filter>Resource Files</Filter>
    </None>
    <None Include="flags\sk.png">
      <Filter>Resource Files</Filter>
    </None>
    <None Include="flags\sl.png">
      <Filter>Resource Files</Filter>
    </None>
    <None Include="flags\sm.png">
      <Filter>Resource Files</Filter>
    </None>
    <None Include="flags\sn.png">
      <Filter>Resource Files</Filter>
    </None>
    <None Include="flags\so.png">
      <Filter>Resource Files</Filter>
    </None>
    <None Include="flags\sr.png">
      <Filter>Resource Files</Filter>
    </None>
    <None Include="flags\st.png">
      <Filter>Resource Files</Filter>
    </None>
    <None Include="icons\star.png">
      <Filter>Resource Files</Filter>
    </None>
    <None Include="icons\star_blue.png">
      <Filter>Resource Files</Filter>
    </None>
    <None Include="flags\sv.png">
      <Filter>Resource Files</Filter>
    </None>
    <None Include="flags\sy.png">
      <Filter>Resource Files</Filter>
    </None>
    <None Include="icons\system-search.png">
      <Filter>Resource Files</Filter>
    </None>
    <None Include="flags\sz.png">
      <Filter>Resource Files</Filter>
    </None>
    <None Include="flags\tc.png">
      <Filter>Resource Files</Filter>
    </None>
    <None Include="flags\td.png">
      <Filter>Resource Files</Filter>
    </None>
    <None Include="flags\tf.png">
      <Filter>Resource Files</Filter>
    </None>
    <None Include="flags\tg.png">
      <Filter>Resource Files</Filter>
    </None>
    <None Include="flags\th.png">
      <Filter>Resource Files</Filter>
    </None>
    <None Include="flags\tj.png">
      <Filter>Resource Files</Filter>
    </None>
    <None Include="flags\tk.png">
      <Filter>Resource Files</Filter>
    </None>
    <None Include="flags\tl.png">
      <Filter>Resource Files</Filter>
    </None>
    <None Include="flags\tm.png">
      <Filter>Resource Files</Filter>
    </None>
    <None Include="flags\tn.png">
      <Filter>Resource Files</Filter>
    </None>
    <None Include="flags\to.png">
      <Filter>Resource Files</Filter>
    </None>
    <None Include="flags\tr.png">
      <Filter>Resource Files</Filter>
    </None>
    <None Include="flags\tt.png">
      <Filter>Resource Files</Filter>
    </None>
    <None Include="flags\tv.png">
      <Filter>Resource Files</Filter>
    </None>
    <None Include="flags\tw.png">
      <Filter>Resource Files</Filter>
    </None>
    <None Include="flags\tz.png">
      <Filter>Resource Files</Filter>
    </None>
    <None Include="flags\ua.png">
      <Filter>Resource Files</Filter>
    </None>
    <None Include="flags\ug.png">
      <Filter>Resource Files</Filter>
    </None>
    <None Include="flags\uk.png">
      <Filter>Resource Files</Filter>
    </None>
    <None Include="flags\um.png">
      <Filter>Resource Files</Filter>
    </None>
    <None Include="flags\us.png">
      <Filter>Resource Files</Filter>
    </None>
    <None Include="flags\uy.png">
      <Filter>Resource Files</Filter>
    </None>
    <None Include="flags\uz.png">
      <Filter>Resource Files</Filter>
    </None>
    <None Include="flags\va.png">
      <Filter>Resource Files</Filter>
    </None>
    <None Include="flags\vc.png">
      <Filter>Resource Files</Filter>
    </None>
    <None Include="flags\ve.png">
      <Filter>Resource Files</Filter>
    </None>
    <None Include="version.txt">
      <Filter>Resource Files</Filter>
    </None>
    <None Include="flags\vg.png">
      <Filter>Resource Files</Filter>
    </None>
    <None Include="flags\vi.png">
      <Filter>Resource Files</Filter>
    </None>
    <None Include="icons\video.png">
      <Filter>Resource Files</Filter>
    </None>
    <None Include="flags\vn.png">
      <Filter>Resource Files</Filter>
    </None>
    <None Include="flags\vu.png">
      <Filter>Resource Files</Filter>
    </None>
    <None Include="flags\wales.png">
      <Filter>Resource Files</Filter>
    </None>
    <None Include="icons\warning.png">
      <Filter>Resource Files</Filter>
    </None>
    <None Include="flags\wf.png">
      <Filter>Resource Files</Filter>
    </None>
    <None Include="flags\wi.png">
      <Filter>Resource Files</Filter>
    </None>
    <None Include="flags\wiki.png">
      <Filter>Resource Files</Filter>
    </None>
    <None Include="icons\windows-list.png">
      <Filter>Resource Files</Filter>
    </None>
    <None Include="icons\wizard.png">
      <Filter>Resource Files</Filter>
    </None>
    <None Include="flags\ws.png">
      <Filter>Resource Files</Filter>
    </None>
    <None Include="flags\ye.png">
      <Filter>Resource Files</Filter>
    </None>
    <None Include="flags\yt.png">
      <Filter>Resource Files</Filter>
    </None>
    <None Include="flags\za.png">
      <Filter>Resource Files</Filter>
    </None>
    <None Include="flags\zm.png">
      <Filter>Resource Files</Filter>
    </None>
    <None Include="flags\zw.png">
      <Filter>Resource Files</Filter>
    </None>
  </ItemGroup>
  <ItemGroup>
    <ResourceCompile Include="goldendict.rc" />
  </ItemGroup>
  <ItemGroup>
    <QtMoc Include="weburlrequestinterceptor.h">
      <Filter>Source Files</Filter>
    </QtMoc>
  </ItemGroup>
</Project>