<?xml version="1.0" encoding="utf-8"?>
<Project ToolsVersion="4.0" xmlns="http://schemas.microsoft.com/developer/msbuild/2003">
  <ItemGroup>
    <Filter Include="Generated Files">
      <UniqueIdentifier>{71ED8ED8-ACB9-4CE9-BBE1-E00B30144E11}</UniqueIdentifier>
      <Extensions>cpp;c;cxx;moc;h;def;odl;idl;res;</Extensions>
    </Filter>
    <Filter Include="Generated Files">
      <UniqueIdentifier>{71ED8ED8-ACB9-4CE9-BBE1-E00B30144E11}</UniqueIdentifier>
      <Extensions>cpp;c;cxx;moc;h;def;odl;idl;res;</Extensions>
    </Filter>
    <Filter Include="Customizations">
      <UniqueIdentifier>{3235203c-8555-42b3-9ec2-22de8a260dc6}</UniqueIdentifier>
    </Filter>
    <Filter Include="Forms">
      <UniqueIdentifier>{99349809-55BA-4b9d-BF79-8FDBB0286EB3}</UniqueIdentifier>
      <Extensions>ui</Extensions>
      <ParseFiles>false</ParseFiles>
    </Filter>
    <Filter Include="Headers">
      <UniqueIdentifier>{93995380-89BD-4b04-88EB-625FBE52EBFB}</UniqueIdentifier>
      <Extensions>h;hpp;hxx;hm;inl;inc;xsd</Extensions>
    </Filter>
    <Filter Include="Resources">
      <UniqueIdentifier>{D9D6E242-F8AF-46E4-B9FD-80ECBC20BA3E}</UniqueIdentifier>
      <Extensions>qrc;*</Extensions>
      <ParseFiles>false</ParseFiles>
    </Filter>
    <Filter Include="Resources\Flags">
      <UniqueIdentifier>{18a218fa-2efc-4ea0-a7d0-9cdea6a87bda}</UniqueIdentifier>
      <Extensions>png;*</Extensions>
    </Filter>
    <Filter Include="Resources\CSS">
      <UniqueIdentifier>{83b951bc-8d6e-48c9-a401-ab9d3f217987}</UniqueIdentifier>
    </Filter>
    <Filter Include="Resources\Icons">
      <UniqueIdentifier>{5df1e6e9-52e2-4184-8424-291751501b81}</UniqueIdentifier>
    </Filter>
    <Filter Include="Sources">
      <UniqueIdentifier>{4FC737F1-C7A5-4376-A066-2A32D752A2FF}</UniqueIdentifier>
      <Extensions>cpp;c;cxx;def;odl;idl;hpj;bat;asm;asmx</Extensions>
    </Filter>
    <Filter Include="Translations">
      <UniqueIdentifier>{639EADAA-A684-42e4-A9AD-28FC9BCB8F7C}</UniqueIdentifier>
      <Extensions>ts;xlf</Extensions>
      <ParseFiles>false</ParseFiles>
    </Filter>
  </ItemGroup>
  <ItemGroup>
    <ClCompile Include="mouseover_win32\ThTypes.c">
      <Filter>Sources</Filter>
    </ClCompile>
    <ClCompile Include="aard.cc">
      <Filter>Sources</Filter>
    </ClCompile>
    <ClCompile Include="about.cc">
      <Filter>Sources</Filter>
    </ClCompile>
    <ClCompile Include="article_maker.cc">
      <Filter>Sources</Filter>
    </ClCompile>
    <ClCompile Include="article_netmgr.cc">
      <Filter>Sources</Filter>
    </ClCompile>
    <ClCompile Include="articleinspector.cc">
      <Filter>Sources</Filter>
    </ClCompile>
    <ClCompile Include="articleview.cc">
      <Filter>Sources</Filter>
    </ClCompile>
    <ClCompile Include="articlewebview.cc">
      <Filter>Sources</Filter>
    </ClCompile>
    <ClCompile Include="atomic_rename.cc">
      <Filter>Sources</Filter>
    </ClCompile>
    <ClCompile Include="audiolink.cc">
      <Filter>Sources</Filter>
    </ClCompile>
    <ClCompile Include="belarusiantranslit.cc">
      <Filter>Sources</Filter>
    </ClCompile>
    <ClCompile Include="bgl.cc">
      <Filter>Sources</Filter>
    </ClCompile>
    <ClCompile Include="bgl_babylon.cc">
      <Filter>Sources</Filter>
    </ClCompile>
    <ClCompile Include="broken_xrecord.cc">
      <Filter>Sources</Filter>
    </ClCompile>
    <ClCompile Include="btreeidx.cc">
      <Filter>Sources</Filter>
    </ClCompile>
    <ClCompile Include="chunkedstorage.cc">
      <Filter>Sources</Filter>
    </ClCompile>
    <ClCompile Include="config.cc">
      <Filter>Sources</Filter>
    </ClCompile>
    <ClCompile Include="country.cc">
      <Filter>Sources</Filter>
    </ClCompile>
    <ClCompile Include="decompress.cc">
      <Filter>Sources</Filter>
    </ClCompile>
    <ClCompile Include="delegate.cc">
      <Filter>Sources</Filter>
    </ClCompile>
    <ClCompile Include="dictdfiles.cc">
      <Filter>Sources</Filter>
    </ClCompile>
    <ClCompile Include="dictinfo.cc">
      <Filter>Sources</Filter>
    </ClCompile>
    <ClCompile Include="dictionary.cc">
      <Filter>Sources</Filter>
    </ClCompile>
    <ClCompile Include="dictionarybar.cc">
      <Filter>Sources</Filter>
    </ClCompile>
    <ClCompile Include="dictzip.c">
      <Filter>Sources</Filter>
    </ClCompile>
    <ClCompile Include="dsl.cc">
      <Filter>Sources</Filter>
    </ClCompile>
    <ClCompile Include="dsl_details.cc">
      <Filter>Sources</Filter>
    </ClCompile>
    <ClCompile Include="editdictionaries.cc">
      <Filter>Sources</Filter>
    </ClCompile>
    <ClCompile Include="externalviewer.cc">
      <Filter>Sources</Filter>
    </ClCompile>
    <ClCompile Include="extlineedit.cc">
      <Filter>Sources</Filter>
    </ClCompile>
    <ClCompile Include="ffmpegaudio.cc">
      <Filter>Sources</Filter>
    </ClCompile>
    <ClCompile Include="file.cc">
      <Filter>Sources</Filter>
    </ClCompile>
    <ClCompile Include="filetype.cc">
      <Filter>Sources</Filter>
    </ClCompile>
    <ClCompile Include="folding.cc">
      <Filter>Sources</Filter>
    </ClCompile>
    <ClCompile Include="forvo.cc">
      <Filter>Sources</Filter>
    </ClCompile>
    <ClCompile Include="fsencoding.cc">
      <Filter>Sources</Filter>
    </ClCompile>
    <ClCompile Include="gdappstyle.cc">
      <Filter>Sources</Filter>
    </ClCompile>
    <ClCompile Include="german.cc">
      <Filter>Sources</Filter>
    </ClCompile>
    <ClCompile Include="greektranslit.cc">
      <Filter>Sources</Filter>
    </ClCompile>
    <ClCompile Include="groupcombobox.cc">
      <Filter>Sources</Filter>
    </ClCompile>
    <ClCompile Include="groups.cc">
      <Filter>Sources</Filter>
    </ClCompile>
    <ClCompile Include="groups_widgets.cc">
      <Filter>Sources</Filter>
    </ClCompile>
    <ClCompile Include="guids.c">
      <Filter>Sources</Filter>
    </ClCompile>
    <ClCompile Include="history.cc">
      <Filter>Sources</Filter>
    </ClCompile>
    <ClCompile Include="historypanewidget.cc">
      <Filter>Sources</Filter>
    </ClCompile>
    <ClCompile Include="hotkeyedit.cc">
      <Filter>Sources</Filter>
    </ClCompile>
    <ClCompile Include="hotkeywrapper.cc">
      <Filter>Sources</Filter>
    </ClCompile>
    <ClCompile Include="htmlescape.cc">
      <Filter>Sources</Filter>
    </ClCompile>
    <ClCompile Include="hunspell.cc">
      <Filter>Sources</Filter>
    </ClCompile>
    <ClCompile Include="iconv.cc">
      <Filter>Sources</Filter>
    </ClCompile>
    <ClCompile Include="indexedzip.cc">
      <Filter>Sources</Filter>
    </ClCompile>
    <ClCompile Include="initializing.cc">
      <Filter>Sources</Filter>
    </ClCompile>
    <ClCompile Include="instances.cc">
      <Filter>Sources</Filter>
    </ClCompile>
    <ClCompile Include="keyboardstate.cc">
      <Filter>Sources</Filter>
    </ClCompile>
    <ClCompile Include="langcoder.cc">
      <Filter>Sources</Filter>
    </ClCompile>
    <ClCompile Include="language.cc">
      <Filter>Sources</Filter>
    </ClCompile>
    <ClCompile Include="loaddictionaries.cc">
      <Filter>Sources</Filter>
    </ClCompile>
    <ClCompile Include="lsa.cc">
      <Filter>Sources</Filter>
    </ClCompile>
    <ClCompile Include="main.cc">
      <Filter>Sources</Filter>
    </ClCompile>
    <ClCompile Include="mainstatusbar.cc">
      <Filter>Sources</Filter>
    </ClCompile>
    <ClCompile Include="maintabwidget.cc">
      <Filter>Sources</Filter>
    </ClCompile>
    <ClCompile Include="mainwindow.cc">
      <Filter>Sources</Filter>
    </ClCompile>
    <ClCompile Include="mdictparser.cc">
      <Filter>Sources</Filter>
    </ClCompile>
    <ClCompile Include="mdx.cc">
      <Filter>Sources</Filter>
    </ClCompile>
    <ClCompile Include="mediawiki.cc">
      <Filter>Sources</Filter>
    </ClCompile>
    <ClCompile Include="mouseover.cc">
      <Filter>Sources</Filter>
    </ClCompile>
    <ClCompile Include="mruqmenu.cc">
      <Filter>Sources</Filter>
    </ClCompile>
    <ClCompile Include="mutex.cc">
      <Filter>Sources</Filter>
    </ClCompile>
    <ClCompile Include="orderandprops.cc">
      <Filter>Sources</Filter>
    </ClCompile>
    <ClCompile Include="parsecmdline.cc">
      <Filter>Sources</Filter>
    </ClCompile>
    <ClCompile Include="preferences.cc">
      <Filter>Sources</Filter>
    </ClCompile>
    <ClCompile Include="processwrapper.cc">
      <Filter>Sources</Filter>
    </ClCompile>
    <ClCompile Include="programs.cc">
      <Filter>Sources</Filter>
    </ClCompile>
    <ClCompile Include="qtsingleapplication\src\qtlocalpeer.cpp">
      <Filter>Sources</Filter>
    </ClCompile>
    <ClCompile Include="qtsingleapplication\src\qtsingleapplication.cpp">
      <Filter>Sources</Filter>
    </ClCompile>
    <ClCompile Include="romaji.cc">
      <Filter>Sources</Filter>
    </ClCompile>
    <ClCompile Include="russiantranslit.cc">
      <Filter>Sources</Filter>
    </ClCompile>
    <ClCompile Include="scanpopup.cc">
      <Filter>Sources</Filter>
    </ClCompile>
    <ClCompile Include="sdict.cc">
      <Filter>Sources</Filter>
    </ClCompile>
    <ClCompile Include="sounddir.cc">
      <Filter>Sources</Filter>
    </ClCompile>
    <ClCompile Include="sources.cc">
      <Filter>Sources</Filter>
    </ClCompile>
    <ClCompile Include="speechclient_win.cc">
      <Filter>Sources</Filter>
    </ClCompile>
    <ClCompile Include="speechhlp.cc">
      <Filter>Sources</Filter>
    </ClCompile>
    <ClCompile Include="stardict.cc">
      <Filter>Sources</Filter>
    </ClCompile>
    <ClCompile Include="stylescombobox.cc">
      <Filter>Sources</Filter>
    </ClCompile>
    <ClCompile Include="termination.cc">
      <Filter>Sources</Filter>
    </ClCompile>
    <ClCompile Include="texttospeechsource.cc">
      <Filter>Sources</Filter>
    </ClCompile>
    <ClCompile Include="translatebox.cc">
      <Filter>Sources</Filter>
    </ClCompile>
    <ClCompile Include="transliteration.cc">
      <Filter>Sources</Filter>
    </ClCompile>
    <ClCompile Include="ufile.cc">
      <Filter>Sources</Filter>
    </ClCompile>
    <ClCompile Include="utf8.cc">
      <Filter>Sources</Filter>
    </ClCompile>
    <ClCompile Include="voiceengines.cc">
      <Filter>Sources</Filter>
    </ClCompile>
    <ClCompile Include="webmultimediadownload.cc">
      <Filter>Sources</Filter>
    </ClCompile>
    <ClCompile Include="website.cc">
      <Filter>Sources</Filter>
    </ClCompile>
    <ClCompile Include="wordbyauto.cc">
      <Filter>Sources</Filter>
    </ClCompile>
    <ClCompile Include="wordfinder.cc">
      <Filter>Sources</Filter>
    </ClCompile>
    <ClCompile Include="wordlist.cc">
      <Filter>Sources</Filter>
    </ClCompile>
    <ClCompile Include="wstring.cc">
      <Filter>Sources</Filter>
    </ClCompile>
    <ClCompile Include="wstring_qt.cc">
      <Filter>Sources</Filter>
    </ClCompile>
    <ClCompile Include="x64.cc">
      <Filter>Sources</Filter>
    </ClCompile>
    <ClCompile Include="xdxf.cc">
      <Filter>Sources</Filter>
    </ClCompile>
    <ClCompile Include="xdxf2html.cc">
      <Filter>Sources</Filter>
    </ClCompile>
    <ClCompile Include="zipfile.cc">
      <Filter>Sources</Filter>
    </ClCompile>
    <ClCompile Include="zipsounds.cc">
      <Filter>Sources</Filter>
    </ClCompile>
  </ItemGroup>
  <ItemGroup>
    <ClInclude Include="mouseover_win32\ThTypes.h">
      <Filter>Headers</Filter>
    </ClInclude>
    <ClInclude Include="aard.hh">
      <Filter>Headers</Filter>
    </ClInclude>
    <ClInclude Include="atomic_rename.hh">
      <Filter>Headers</Filter>
    </ClInclude>
    <ClInclude Include="audiolink.hh">
      <Filter>Headers</Filter>
    </ClInclude>
    <ClInclude Include="belarusiantranslit.hh">
      <Filter>Headers</Filter>
    </ClInclude>
    <ClInclude Include="bgl.hh">
      <Filter>Headers</Filter>
    </ClInclude>
    <ClInclude Include="bgl_babylon.hh">
      <Filter>Headers</Filter>
    </ClInclude>
    <ClInclude Include="broken_xrecord.hh">
      <Filter>Headers</Filter>
    </ClInclude>
    <ClInclude Include="btreeidx.hh">
      <Filter>Headers</Filter>
    </ClInclude>
    <ClInclude Include="chunkedstorage.hh">
      <Filter>Headers</Filter>
    </ClInclude>
    <ClInclude Include="country.hh">
      <Filter>Headers</Filter>
    </ClInclude>
    <ClInclude Include="decompress.hh">
      <Filter>Headers</Filter>
    </ClInclude>
    <ClInclude Include="dictdfiles.hh">
      <Filter>Headers</Filter>
    </ClInclude>
    <ClInclude Include="dictzip.h">
      <Filter>Headers</Filter>
    </ClInclude>
    <ClInclude Include="dprintf.hh">
      <Filter>Headers</Filter>
    </ClInclude>
    <ClInclude Include="dsl.hh">
      <Filter>Headers</Filter>
    </ClInclude>
    <ClInclude Include="dsl_details.hh">
      <Filter>Headers</Filter>
    </ClInclude>
    <ClInclude Include="ex.hh">
      <Filter>Headers</Filter>
    </ClInclude>
    <ClInclude Include="file.hh">
      <Filter>Headers</Filter>
    </ClInclude>
    <ClInclude Include="filetype.hh">
      <Filter>Headers</Filter>
    </ClInclude>
    <ClInclude Include="folding.hh">
      <Filter>Headers</Filter>
    </ClInclude>
    <ClInclude Include="fsencoding.hh">
      <Filter>Headers</Filter>
    </ClInclude>
    <ClInclude Include="german.hh">
      <Filter>Headers</Filter>
    </ClInclude>
    <ClInclude Include="greektranslit.hh">
      <Filter>Headers</Filter>
    </ClInclude>
    <ClInclude Include="htmlescape.hh">
      <Filter>Headers</Filter>
    </ClInclude>
    <ClInclude Include="hunspell.hh">
      <Filter>Headers</Filter>
    </ClInclude>
    <ClInclude Include="iconv.hh">
      <Filter>Headers</Filter>
    </ClInclude>
    <ClInclude Include="inc_case_folding.hh">
      <Filter>Headers</Filter>
    </ClInclude>
    <ClInclude Include="inc_diacritic_folding.hh">
      <Filter>Headers</Filter>
    </ClInclude>
    <ClInclude Include="indexedzip.hh">
      <Filter>Headers</Filter>
    </ClInclude>
    <ClInclude Include="instances.hh">
      <Filter>Headers</Filter>
    </ClInclude>
    <ClInclude Include="keyboardstate.hh">
      <Filter>Headers</Filter>
    </ClInclude>
    <ClInclude Include="langcoder.hh">
      <Filter>Headers</Filter>
    </ClInclude>
    <ClInclude Include="language.hh">
      <Filter>Headers</Filter>
    </ClInclude>
    <ClInclude Include="lsa.hh">
      <Filter>Headers</Filter>
    </ClInclude>
    <ClInclude Include="mdictparser.hh">
      <Filter>Headers</Filter>
    </ClInclude>
    <ClInclude Include="mdx.hh">
      <Filter>Headers</Filter>
    </ClInclude>
    <ClInclude Include="mutex.hh">
      <Filter>Headers</Filter>
    </ClInclude>
    <ClInclude Include="parsecmdline.hh">
      <Filter>Headers</Filter>
    </ClInclude>
    <ClInclude Include="processwrapper.hh">
      <Filter>Headers</Filter>
    </ClInclude>
    <ClInclude Include="qt4x5.hh">
      <Filter>Headers</Filter>
    </ClInclude>
    <ClInclude Include="romaji.hh">
      <Filter>Headers</Filter>
    </ClInclude>
    <ClInclude Include="russiantranslit.hh">
      <Filter>Headers</Filter>
    </ClInclude>
    <ClInclude Include="sapi.hh">
      <Filter>Headers</Filter>
    </ClInclude>
    <ClInclude Include="sdict.hh">
      <Filter>Headers</Filter>
    </ClInclude>
    <ClInclude Include="searchpanewidget.hh">
      <Filter>Headers</Filter>
    </ClInclude>
    <ClInclude Include="sounddir.hh">
      <Filter>Headers</Filter>
    </ClInclude>
    <ClInclude Include="speechhlp.hh">
      <Filter>Headers</Filter>
    </ClInclude>
    <ClInclude Include="sphelper.hh">
      <Filter>Headers</Filter>
    </ClInclude>
    <ClInclude Include="sptr.hh">
      <Filter>Headers</Filter>
    </ClInclude>
    <ClInclude Include="stardict.hh">
      <Filter>Headers</Filter>
    </ClInclude>
    <ClInclude Include="termination.hh">
      <Filter>Headers</Filter>
    </ClInclude>
    <ClInclude Include="transliteration.hh">
      <Filter>Headers</Filter>
    </ClInclude>
    <ClInclude Include="ufile.hh">
      <Filter>Headers</Filter>
    </ClInclude>
    <ClInclude Include="uiauto.hh">
      <Filter>Headers</Filter>
    </ClInclude>
    <ClInclude Include="utf8.hh">
      <Filter>Headers</Filter>
    </ClInclude>
    <ClInclude Include="voiceengines.hh">
      <Filter>Headers</Filter>
    </ClInclude>
    <ClInclude Include="website.hh">
      <Filter>Headers</Filter>
    </ClInclude>
    <ClInclude Include="wordbyauto.hh">
      <Filter>Headers</Filter>
    </ClInclude>
    <ClInclude Include="wstring.hh">
      <Filter>Headers</Filter>
    </ClInclude>
    <ClInclude Include="wstring_qt.hh">
      <Filter>Headers</Filter>
    </ClInclude>
    <ClInclude Include="x64.hh">
      <Filter>Headers</Filter>
    </ClInclude>
    <ClInclude Include="xdxf.hh">
      <Filter>Headers</Filter>
    </ClInclude>
    <ClInclude Include="xdxf2html.hh">
      <Filter>Headers</Filter>
    </ClInclude>
    <ClInclude Include="zipfile.hh">
      <Filter>Headers</Filter>
    </ClInclude>
    <ClInclude Include="zipsounds.hh">
      <Filter>Headers</Filter>
    </ClInclude>
    <ClInclude Include="delegate.hh">
      <Filter>Headers</Filter>
    </ClInclude>
  </ItemGroup>
  <ItemGroup>
    <ClInclude Include="build\ui_about.h">
      <Filter>Generated Files</Filter>
    </ClInclude>
    <ClInclude Include="build\ui_articleview.h">
      <Filter>Generated Files</Filter>
    </ClInclude>
    <ClInclude Include="build\ui_dictgroupwidget.h">
      <Filter>Generated Files</Filter>
    </ClInclude>
    <ClInclude Include="build\ui_dictinfo.h">
      <Filter>Generated Files</Filter>
    </ClInclude>
    <ClInclude Include="build\ui_editdictionaries.h">
      <Filter>Generated Files</Filter>
    </ClInclude>
    <ClInclude Include="build\ui_groups.h">
      <Filter>Generated Files</Filter>
    </ClInclude>
    <ClInclude Include="build\ui_groupselectorwidget.h">
      <Filter>Generated Files</Filter>
    </ClInclude>
    <ClInclude Include="build\ui_initializing.h">
      <Filter>Generated Files</Filter>
    </ClInclude>
    <ClInclude Include="build\ui_mainwindow.h">
      <Filter>Generated Files</Filter>
    </ClInclude>
    <ClInclude Include="build\ui_orderandprops.h">
      <Filter>Generated Files</Filter>
    </ClInclude>
    <ClInclude Include="build\ui_preferences.h">
      <Filter>Generated Files</Filter>
    </ClInclude>
    <ClInclude Include="build\ui_scanpopup.h">
      <Filter>Generated Files</Filter>
    </ClInclude>
    <ClInclude Include="build\ui_sources.h">
      <Filter>Generated Files</Filter>
    </ClInclude>
    <ClInclude Include="build\ui_texttospeechsource.h">
      <Filter>Generated Files</Filter>
    </ClInclude>
  </ItemGroup>
  <ItemGroup>
    <None Include="version.txt">
      <Filter>Resources</Filter>
    </None>
    <None Include="MSBuild\QtExtensions\moc.props">
      <Filter>Customizations</Filter>
    </None>
    <None Include="MSBuild\QtExtensions\moc.targets">
      <Filter>Customizations</Filter>
    </None>
    <None Include="MSBuild\QtExtensions\rcc.props">
      <Filter>Customizations</Filter>
    </None>
    <None Include="MSBuild\QtExtensions\rcc.targets">
      <Filter>Customizations</Filter>
    </None>
    <None Include="MSBuild\QtExtensions\uic.props">
      <Filter>Customizations</Filter>
    </None>
    <None Include="MSBuild\QtExtensions\uic.targets">
      <Filter>Customizations</Filter>
    </None>
    <None Include="MSBuild\QtExtensions\lrelease.props">
      <Filter>Customizations</Filter>
    </None>
    <None Include="MSBuild\QtExtensions\lrelease.targets">
      <Filter>Customizations</Filter>
    </None>
    <None Include="flags\ad.png">
      <Filter>Resources\Flags</Filter>
    </None>
    <None Include="flags\ae.png">
      <Filter>Resources\Flags</Filter>
    </None>
    <None Include="flags\af.png">
      <Filter>Resources\Flags</Filter>
    </None>
    <None Include="flags\ag.png">
      <Filter>Resources\Flags</Filter>
    </None>
    <None Include="flags\ai.png">
      <Filter>Resources\Flags</Filter>
    </None>
    <None Include="flags\al.png">
      <Filter>Resources\Flags</Filter>
    </None>
    <None Include="flags\am.png">
      <Filter>Resources\Flags</Filter>
    </None>
    <None Include="flags\an.png">
      <Filter>Resources\Flags</Filter>
    </None>
    <None Include="flags\ao.png">
      <Filter>Resources\Flags</Filter>
    </None>
    <None Include="flags\ar.png">
      <Filter>Resources\Flags</Filter>
    </None>
    <None Include="flags\as.png">
      <Filter>Resources\Flags</Filter>
    </None>
    <None Include="flags\at.png">
      <Filter>Resources\Flags</Filter>
    </None>
    <None Include="flags\au.png">
      <Filter>Resources\Flags</Filter>
    </None>
    <None Include="flags\aw.png">
      <Filter>Resources\Flags</Filter>
    </None>
    <None Include="flags\ax.png">
      <Filter>Resources\Flags</Filter>
    </None>
    <None Include="flags\az.png">
      <Filter>Resources\Flags</Filter>
    </None>
    <None Include="flags\ba.png">
      <Filter>Resources\Flags</Filter>
    </None>
    <None Include="flags\bb.png">
      <Filter>Resources\Flags</Filter>
    </None>
    <None Include="flags\bd.png">
      <Filter>Resources\Flags</Filter>
    </None>
    <None Include="flags\be.png">
      <Filter>Resources\Flags</Filter>
    </None>
    <None Include="flags\bf.png">
      <Filter>Resources\Flags</Filter>
    </None>
    <None Include="flags\bg.png">
      <Filter>Resources\Flags</Filter>
    </None>
    <None Include="flags\bh.png">
      <Filter>Resources\Flags</Filter>
    </None>
    <None Include="flags\bi.png">
      <Filter>Resources\Flags</Filter>
    </None>
    <None Include="flags\bj.png">
      <Filter>Resources\Flags</Filter>
    </None>
    <None Include="flags\bm.png">
      <Filter>Resources\Flags</Filter>
    </None>
    <None Include="flags\bn.png">
      <Filter>Resources\Flags</Filter>
    </None>
    <None Include="flags\bo.png">
      <Filter>Resources\Flags</Filter>
    </None>
    <None Include="flags\br.png">
      <Filter>Resources\Flags</Filter>
    </None>
    <None Include="flags\bs.png">
      <Filter>Resources\Flags</Filter>
    </None>
    <None Include="flags\bt.png">
      <Filter>Resources\Flags</Filter>
    </None>
    <None Include="flags\bv.png">
      <Filter>Resources\Flags</Filter>
    </None>
    <None Include="flags\bw.png">
      <Filter>Resources\Flags</Filter>
    </None>
    <None Include="flags\by.png">
      <Filter>Resources\Flags</Filter>
    </None>
    <None Include="flags\bz.png">
      <Filter>Resources\Flags</Filter>
    </None>
    <None Include="flags\ca.png">
      <Filter>Resources\Flags</Filter>
    </None>
    <None Include="flags\catalonia.png">
      <Filter>Resources\Flags</Filter>
    </None>
    <None Include="flags\cc.png">
      <Filter>Resources\Flags</Filter>
    </None>
    <None Include="flags\cd.png">
      <Filter>Resources\Flags</Filter>
    </None>
    <None Include="flags\cf.png">
      <Filter>Resources\Flags</Filter>
    </None>
    <None Include="flags\cg.png">
      <Filter>Resources\Flags</Filter>
    </None>
    <None Include="flags\ch.png">
      <Filter>Resources\Flags</Filter>
    </None>
    <None Include="flags\ci.png">
      <Filter>Resources\Flags</Filter>
    </None>
    <None Include="flags\ck.png">
      <Filter>Resources\Flags</Filter>
    </None>
    <None Include="flags\cl.png">
      <Filter>Resources\Flags</Filter>
    </None>
    <None Include="flags\cm.png">
      <Filter>Resources\Flags</Filter>
    </None>
    <None Include="flags\cn.png">
      <Filter>Resources\Flags</Filter>
    </None>
    <None Include="flags\co.png">
      <Filter>Resources\Flags</Filter>
    </None>
    <None Include="flags\cr.png">
      <Filter>Resources\Flags</Filter>
    </None>
    <None Include="flags\io.png">
      <Filter>Resources\Flags</Filter>
    </None>
    <None Include="flags\iq.png">
      <Filter>Resources\Flags</Filter>
    </None>
    <None Include="flags\ir.png">
      <Filter>Resources\Flags</Filter>
    </None>
    <None Include="flags\is.png">
      <Filter>Resources\Flags</Filter>
    </None>
    <None Include="flags\it.png">
      <Filter>Resources\Flags</Filter>
    </None>
    <None Include="flags\ja.png">
      <Filter>Resources\Flags</Filter>
    </None>
    <None Include="flags\jm.png">
      <Filter>Resources\Flags</Filter>
    </None>
    <None Include="flags\jo.png">
      <Filter>Resources\Flags</Filter>
    </None>
    <None Include="flags\jp.png">
      <Filter>Resources\Flags</Filter>
    </None>
    <None Include="flags\ke.png">
      <Filter>Resources\Flags</Filter>
    </None>
    <None Include="flags\kg.png">
      <Filter>Resources\Flags</Filter>
    </None>
    <None Include="flags\kh.png">
      <Filter>Resources\Flags</Filter>
    </None>
    <None Include="flags\ki.png">
      <Filter>Resources\Flags</Filter>
    </None>
    <None Include="flags\km.png">
      <Filter>Resources\Flags</Filter>
    </None>
    <None Include="flags\kn.png">
      <Filter>Resources\Flags</Filter>
    </None>
    <None Include="flags\kp.png">
      <Filter>Resources\Flags</Filter>
    </None>
    <None Include="flags\kr.png">
      <Filter>Resources\Flags</Filter>
    </None>
    <None Include="flags\kw.png">
      <Filter>Resources\Flags</Filter>
    </None>
    <None Include="flags\ky.png">
      <Filter>Resources\Flags</Filter>
    </None>
    <None Include="flags\kz.png">
      <Filter>Resources\Flags</Filter>
    </None>
    <None Include="flags\la.png">
      <Filter>Resources\Flags</Filter>
    </None>
    <None Include="flags\lb.png">
      <Filter>Resources\Flags</Filter>
    </None>
    <None Include="flags\lc.png">
      <Filter>Resources\Flags</Filter>
    </None>
    <None Include="flags\li.png">
      <Filter>Resources\Flags</Filter>
    </None>
    <None Include="flags\lk.png">
      <Filter>Resources\Flags</Filter>
    </None>
    <None Include="flags\lr.png">
      <Filter>Resources\Flags</Filter>
    </None>
    <None Include="flags\ls.png">
      <Filter>Resources\Flags</Filter>
    </None>
    <None Include="flags\lt.png">
      <Filter>Resources\Flags</Filter>
    </None>
    <None Include="flags\lu.png">
      <Filter>Resources\Flags</Filter>
    </None>
    <None Include="flags\lv.png">
      <Filter>Resources\Flags</Filter>
    </None>
    <None Include="flags\ly.png">
      <Filter>Resources\Flags</Filter>
    </None>
    <None Include="flags\ma.png">
      <Filter>Resources\Flags</Filter>
    </None>
    <None Include="CREDITS.txt">
      <Filter>Resources</Filter>
    </None>
    <None Include="flags\fm.png">
      <Filter>Resources\Flags</Filter>
    </None>
    <None Include="flags\fo.png">
      <Filter>Resources\Flags</Filter>
    </None>
    <None Include="flags\fr.png">
      <Filter>Resources\Flags</Filter>
    </None>
    <None Include="flags\ga.png">
      <Filter>Resources\Flags</Filter>
    </None>
    <None Include="flags\gb.png">
      <Filter>Resources\Flags</Filter>
    </None>
    <None Include="flags\gd.png">
      <Filter>Resources\Flags</Filter>
    </None>
    <None Include="flags\ge.png">
      <Filter>Resources\Flags</Filter>
    </None>
    <None Include="flags\gf.png">
      <Filter>Resources\Flags</Filter>
    </None>
    <None Include="flags\gh.png">
      <Filter>Resources\Flags</Filter>
    </None>
    <None Include="flags\gi.png">
      <Filter>Resources\Flags</Filter>
    </None>
    <None Include="flags\gl.png">
      <Filter>Resources\Flags</Filter>
    </None>
    <None Include="flags\gm.png">
      <Filter>Resources\Flags</Filter>
    </None>
    <None Include="flags\gn.png">
      <Filter>Resources\Flags</Filter>
    </None>
    <None Include="flags\gp.png">
      <Filter>Resources\Flags</Filter>
    </None>
    <None Include="flags\gq.png">
      <Filter>Resources\Flags</Filter>
    </None>
    <None Include="flags\gr.png">
      <Filter>Resources\Flags</Filter>
    </None>
    <None Include="flags\gs.png">
      <Filter>Resources\Flags</Filter>
    </None>
    <None Include="flags\gt.png">
      <Filter>Resources\Flags</Filter>
    </None>
    <None Include="flags\gu.png">
      <Filter>Resources\Flags</Filter>
    </None>
    <None Include="flags\gw.png">
      <Filter>Resources\Flags</Filter>
    </None>
    <None Include="flags\gy.png">
      <Filter>Resources\Flags</Filter>
    </None>
    <None Include="flags\cs.png">
      <Filter>Resources\Flags</Filter>
    </None>
    <None Include="flags\cu.png">
      <Filter>Resources\Flags</Filter>
    </None>
    <None Include="flags\cv.png">
      <Filter>Resources\Flags</Filter>
    </None>
    <None Include="flags\cx.png">
      <Filter>Resources\Flags</Filter>
    </None>
    <None Include="flags\cy.png">
      <Filter>Resources\Flags</Filter>
    </None>
    <None Include="flags\cz.png">
      <Filter>Resources\Flags</Filter>
    </None>
    <None Include="flags\de.png">
      <Filter>Resources\Flags</Filter>
    </None>
    <None Include="flags\dj.png">
      <Filter>Resources\Flags</Filter>
    </None>
    <None Include="flags\dk.png">
      <Filter>Resources\Flags</Filter>
    </None>
    <None Include="flags\dm.png">
      <Filter>Resources\Flags</Filter>
    </None>
    <None Include="flags\do.png">
      <Filter>Resources\Flags</Filter>
    </None>
    <None Include="flags\dz.png">
      <Filter>Resources\Flags</Filter>
    </None>
    <None Include="flags\ec.png">
      <Filter>Resources\Flags</Filter>
    </None>
    <None Include="flags\ee.png">
      <Filter>Resources\Flags</Filter>
    </None>
    <None Include="flags\eg.png">
      <Filter>Resources\Flags</Filter>
    </None>
    <None Include="flags\eh.png">
      <Filter>Resources\Flags</Filter>
    </None>
    <None Include="flags\en.png">
      <Filter>Resources\Flags</Filter>
    </None>
    <None Include="flags\england.png">
      <Filter>Resources\Flags</Filter>
    </None>
    <None Include="flags\eo.png">
      <Filter>Resources\Flags</Filter>
    </None>
    <None Include="flags\er.png">
      <Filter>Resources\Flags</Filter>
    </None>
    <None Include="icons\error.png">
      <Filter>Resources\Flags</Filter>
    </None>
    <None Include="flags\es.png">
      <Filter>Resources\Flags</Filter>
    </None>
    <None Include="flags\et.png">
      <Filter>Resources\Flags</Filter>
    </None>
    <None Include="flags\europeanunion.png">
      <Filter>Resources\Flags</Filter>
    </None>
    <None Include="flags\fi.png">
      <Filter>Resources\Flags</Filter>
    </None>
    <None Include="flags\fj.png">
      <Filter>Resources\Flags</Filter>
    </None>
    <None Include="flags\fk.png">
      <Filter>Resources\Flags</Filter>
    </None>
    <None Include="flags\hk.png">
      <Filter>Resources\Flags</Filter>
    </None>
    <None Include="flags\hm.png">
      <Filter>Resources\Flags</Filter>
    </None>
    <None Include="flags\hn.png">
      <Filter>Resources\Flags</Filter>
    </None>
    <None Include="flags\hr.png">
      <Filter>Resources\Flags</Filter>
    </None>
    <None Include="flags\ht.png">
      <Filter>Resources\Flags</Filter>
    </None>
    <None Include="flags\hu.png">
      <Filter>Resources\Flags</Filter>
    </None>
    <None Include="flags\mg.png">
      <Filter>Resources\Flags</Filter>
    </None>
    <None Include="flags\mh.png">
      <Filter>Resources\Flags</Filter>
    </None>
    <None Include="flags\mk.png">
      <Filter>Resources\Flags</Filter>
    </None>
    <None Include="flags\ml.png">
      <Filter>Resources\Flags</Filter>
    </None>
    <None Include="flags\mm.png">
      <Filter>Resources\Flags</Filter>
    </None>
    <None Include="flags\mn.png">
      <Filter>Resources\Flags</Filter>
    </None>
    <None Include="flags\mo.png">
      <Filter>Resources\Flags</Filter>
    </None>
    <None Include="flags\mp.png">
      <Filter>Resources\Flags</Filter>
    </None>
    <None Include="flags\mq.png">
      <Filter>Resources\Flags</Filter>
    </None>
    <None Include="flags\mr.png">
      <Filter>Resources\Flags</Filter>
    </None>
    <None Include="flags\ms.png">
      <Filter>Resources\Flags</Filter>
    </None>
    <None Include="flags\mt.png">
      <Filter>Resources\Flags</Filter>
    </None>
    <None Include="flags\mu.png">
      <Filter>Resources\Flags</Filter>
    </None>
    <None Include="flags\mv.png">
      <Filter>Resources\Flags</Filter>
    </None>
    <None Include="flags\mw.png">
      <Filter>Resources\Flags</Filter>
    </None>
    <None Include="flags\mx.png">
      <Filter>Resources\Flags</Filter>
    </None>
    <None Include="flags\my.png">
      <Filter>Resources\Flags</Filter>
    </None>
    <None Include="flags\mz.png">
      <Filter>Resources\Flags</Filter>
    </None>
    <None Include="flags\na.png">
      <Filter>Resources\Flags</Filter>
    </None>
    <None Include="flags\nc.png">
      <Filter>Resources\Flags</Filter>
    </None>
    <None Include="flags\ne.png">
      <Filter>Resources\Flags</Filter>
    </None>
    <None Include="flags\nf.png">
      <Filter>Resources\Flags</Filter>
    </None>
    <None Include="flags\ng.png">
      <Filter>Resources\Flags</Filter>
    </None>
    <None Include="flags\ni.png">
      <Filter>Resources\Flags</Filter>
    </None>
    <None Include="flags\nl.png">
      <Filter>Resources\Flags</Filter>
    </None>
    <None Include="flags\no.png">
      <Filter>Resources\Flags</Filter>
    </None>
    <None Include="flags\np.png">
      <Filter>Resources\Flags</Filter>
    </None>
    <None Include="flags\nr.png">
      <Filter>Resources\Flags</Filter>
    </None>
    <None Include="flags\nu.png">
      <Filter>Resources\Flags</Filter>
    </None>
    <None Include="flags\nz.png">
      <Filter>Resources\Flags</Filter>
    </None>
    <None Include="flags\om.png">
      <Filter>Resources\Flags</Filter>
    </None>
    <None Include="flags\pa.png">
      <Filter>Resources\Flags</Filter>
    </None>
    <None Include="flags\pe.png">
      <Filter>Resources\Flags</Filter>
    </None>
    <None Include="flags\pf.png">
      <Filter>Resources\Flags</Filter>
    </None>
    <None Include="flags\pg.png">
      <Filter>Resources\Flags</Filter>
    </None>
    <None Include="flags\ph.png">
      <Filter>Resources\Flags</Filter>
    </None>
    <None Include="flags\pk.png">
      <Filter>Resources\Flags</Filter>
    </None>
    <None Include="flags\pl.png">
      <Filter>Resources\Flags</Filter>
    </None>
    <None Include="flags\pm.png">
      <Filter>Resources\Flags</Filter>
    </None>
    <None Include="flags\pn.png">
      <Filter>Resources\Flags</Filter>
    </None>
    <None Include="flags\pr.png">
      <Filter>Resources\Flags</Filter>
    </None>
    <None Include="flags\ps.png">
      <Filter>Resources\Flags</Filter>
    </None>
    <None Include="flags\pt.png">
      <Filter>Resources\Flags</Filter>
    </None>
    <None Include="flags\pw.png">
      <Filter>Resources\Flags</Filter>
    </None>
    <None Include="flags\py.png">
      <Filter>Resources\Flags</Filter>
    </None>
    <None Include="flags\qa.png">
      <Filter>Resources\Flags</Filter>
    </None>
    <None Include="flags\re.png">
      <Filter>Resources\Flags</Filter>
    </None>
    <None Include="flags\ro.png">
      <Filter>Resources\Flags</Filter>
    </None>
    <None Include="flags\rs.png">
      <Filter>Resources\Flags</Filter>
    </None>
    <None Include="flags\ru.png">
      <Filter>Resources\Flags</Filter>
    </None>
    <None Include="flags\rw.png">
      <Filter>Resources\Flags</Filter>
    </None>
    <None Include="flags\sa.png">
      <Filter>Resources\Flags</Filter>
    </None>
    <None Include="flags\sb.png">
      <Filter>Resources\Flags</Filter>
    </None>
    <None Include="flags\sc.png">
      <Filter>Resources\Flags</Filter>
    </None>
    <None Include="flags\scotland.png">
      <Filter>Resources\Flags</Filter>
    </None>
    <None Include="flags\sd.png">
      <Filter>Resources\Flags</Filter>
    </None>
    <None Include="flags\se.png">
      <Filter>Resources\Flags</Filter>
    </None>
    <None Include="flags\sg.png">
      <Filter>Resources\Flags</Filter>
    </None>
    <None Include="flags\sh.png">
      <Filter>Resources\Flags</Filter>
    </None>
    <None Include="flags\si.png">
      <Filter>Resources\Flags</Filter>
    </None>
    <None Include="flags\sj.png">
      <Filter>Resources\Flags</Filter>
    </None>
    <None Include="flags\sk.png">
      <Filter>Resources\Flags</Filter>
    </None>
    <None Include="flags\sl.png">
      <Filter>Resources\Flags</Filter>
    </None>
    <None Include="flags\sm.png">
      <Filter>Resources\Flags</Filter>
    </None>
    <None Include="flags\sn.png">
      <Filter>Resources\Flags</Filter>
    </None>
    <None Include="flags\so.png">
      <Filter>Resources\Flags</Filter>
    </None>
    <None Include="flags\sr.png">
      <Filter>Resources\Flags</Filter>
    </None>
    <None Include="flags\st.png">
      <Filter>Resources\Flags</Filter>
    </None>
    <None Include="flags\sv.png">
      <Filter>Resources\Flags</Filter>
    </None>
    <None Include="flags\sy.png">
      <Filter>Resources\Flags</Filter>
    </None>
    <None Include="flags\sz.png">
      <Filter>Resources\Flags</Filter>
    </None>
    <None Include="flags\tc.png">
      <Filter>Resources\Flags</Filter>
    </None>
    <None Include="flags\td.png">
      <Filter>Resources\Flags</Filter>
    </None>
    <None Include="flags\tf.png">
      <Filter>Resources\Flags</Filter>
    </None>
    <None Include="flags\tg.png">
      <Filter>Resources\Flags</Filter>
    </None>
    <None Include="flags\th.png">
      <Filter>Resources\Flags</Filter>
    </None>
    <None Include="flags\tj.png">
      <Filter>Resources\Flags</Filter>
    </None>
    <None Include="flags\tk.png">
      <Filter>Resources\Flags</Filter>
    </None>
    <None Include="flags\tl.png">
      <Filter>Resources\Flags</Filter>
    </None>
    <None Include="flags\tm.png">
      <Filter>Resources\Flags</Filter>
    </None>
    <None Include="flags\tn.png">
      <Filter>Resources\Flags</Filter>
    </None>
    <None Include="flags\to.png">
      <Filter>Resources\Flags</Filter>
    </None>
    <None Include="flags\tr.png">
      <Filter>Resources\Flags</Filter>
    </None>
    <None Include="flags\tt.png">
      <Filter>Resources\Flags</Filter>
    </None>
    <None Include="flags\tv.png">
      <Filter>Resources\Flags</Filter>
    </None>
    <None Include="flags\tw.png">
      <Filter>Resources\Flags</Filter>
    </None>
    <None Include="flags\tz.png">
      <Filter>Resources\Flags</Filter>
    </None>
    <None Include="flags\ua.png">
      <Filter>Resources\Flags</Filter>
    </None>
    <None Include="flags\ug.png">
      <Filter>Resources\Flags</Filter>
    </None>
    <None Include="flags\uk.png">
      <Filter>Resources\Flags</Filter>
    </None>
    <None Include="flags\um.png">
      <Filter>Resources\Flags</Filter>
    </None>
    <None Include="flags\us.png">
      <Filter>Resources\Flags</Filter>
    </None>
    <None Include="flags\uy.png">
      <Filter>Resources\Flags</Filter>
    </None>
    <None Include="flags\uz.png">
      <Filter>Resources\Flags</Filter>
    </None>
    <None Include="flags\va.png">
      <Filter>Resources\Flags</Filter>
    </None>
    <None Include="flags\vc.png">
      <Filter>Resources\Flags</Filter>
    </None>
    <None Include="flags\ve.png">
      <Filter>Resources\Flags</Filter>
    </None>
    <None Include="flags\vg.png">
      <Filter>Resources\Flags</Filter>
    </None>
    <None Include="flags\vi.png">
      <Filter>Resources\Flags</Filter>
    </None>
    <None Include="flags\vn.png">
      <Filter>Resources\Flags</Filter>
    </None>
    <None Include="flags\vu.png">
      <Filter>Resources\Flags</Filter>
    </None>
    <None Include="flags\wales.png">
      <Filter>Resources\Flags</Filter>
    </None>
    <None Include="flags\wf.png">
      <Filter>Resources\Flags</Filter>
    </None>
    <None Include="flags\wi.png">
      <Filter>Resources\Flags</Filter>
    </None>
    <None Include="flags\ws.png">
      <Filter>Resources\Flags</Filter>
    </None>
    <None Include="flags\ye.png">
      <Filter>Resources\Flags</Filter>
    </None>
    <None Include="flags\yt.png">
      <Filter>Resources\Flags</Filter>
    </None>
    <None Include="flags\za.png">
      <Filter>Resources\Flags</Filter>
    </None>
    <None Include="flags\zm.png">
      <Filter>Resources\Flags</Filter>
    </None>
    <None Include="flags\zw.png">
      <Filter>Resources\Flags</Filter>
    </None>
    <None Include="article-style-print.css">
      <Filter>Resources\CSS</Filter>
    </None>
    <None Include="article-style-st-babylon.css">
      <Filter>Resources\CSS</Filter>
    </None>
    <None Include="article-style-st-lingoes-blue.css">
      <Filter>Resources\CSS</Filter>
    </None>
    <None Include="article-style-st-lingoes.css">
      <Filter>Resources\CSS</Filter>
    </None>
    <None Include="article-style-st-lingvo.css">
      <Filter>Resources\CSS</Filter>
    </None>
    <None Include="article-style-st-modern.css">
      <Filter>Resources\CSS</Filter>
    </None>
    <None Include="article-style.css">
      <Filter>Resources\CSS</Filter>
    </None>
    <None Include="MSBuild\custom.props">
      <Filter>Customizations</Filter>
    </None>
    <None Include="MSBuild\custom.targets">
      <Filter>Customizations</Filter>
    </None>
  </ItemGroup>
  <ItemGroup>
    <Xml Include="MSBuild\QtExtensions\moc.xml">
      <Filter>Customizations</Filter>
    </Xml>
    <Xml Include="MSBuild\QtExtensions\rcc.xml">
      <Filter>Customizations</Filter>
    </Xml>
    <Xml Include="MSBuild\QtExtensions\uic.xml">
      <Filter>Customizations</Filter>
    </Xml>
    <Xml Include="MSBuild\QtExtensions\lrelease.xml">
      <Filter>Customizations</Filter>
    </Xml>
  </ItemGroup>
  <ItemGroup>
    <QtUICCompile Include="about.ui">
      <Filter>Forms</Filter>
    </QtUICCompile>
    <QtUICCompile Include="articleview.ui">
      <Filter>Forms</Filter>
    </QtUICCompile>
    <QtUICCompile Include="dictgroupwidget.ui">
      <Filter>Forms</Filter>
    </QtUICCompile>
    <QtUICCompile Include="dictinfo.ui">
      <Filter>Forms</Filter>
    </QtUICCompile>
    <QtUICCompile Include="editdictionaries.ui">
      <Filter>Forms</Filter>
    </QtUICCompile>
    <QtUICCompile Include="groups.ui">
      <Filter>Forms</Filter>
    </QtUICCompile>
    <QtUICCompile Include="groupselectorwidget.ui">
      <Filter>Forms</Filter>
    </QtUICCompile>
    <QtUICCompile Include="initializing.ui">
      <Filter>Forms</Filter>
    </QtUICCompile>
    <QtUICCompile Include="mainwindow.ui">
      <Filter>Forms</Filter>
    </QtUICCompile>
    <QtUICCompile Include="orderandprops.ui">
      <Filter>Forms</Filter>
    </QtUICCompile>
    <QtUICCompile Include="preferences.ui">
      <Filter>Forms</Filter>
    </QtUICCompile>
    <QtUICCompile Include="scanpopup.ui">
      <Filter>Forms</Filter>
    </QtUICCompile>
    <QtUICCompile Include="sources.ui">
      <Filter>Forms</Filter>
    </QtUICCompile>
    <QtUICCompile Include="texttospeechsource.ui">
      <Filter>Forms</Filter>
    </QtUICCompile>
  </ItemGroup>
  <ItemGroup>
    <QtTranslate Include="locale\ar_SA.ts">
      <Filter>Translations</Filter>
    </QtTranslate>
    <QtTranslate Include="locale\ay_WI.ts">
      <Filter>Translations</Filter>
    </QtTranslate>
    <QtTranslate Include="locale\be_BY.ts">
      <Filter>Translations</Filter>
    </QtTranslate>
    <QtTranslate Include="locale\be_BY@latin.ts">
      <Filter>Translations</Filter>
    </QtTranslate>
    <QtTranslate Include="locale\bg_BG.ts">
      <Filter>Translations</Filter>
    </QtTranslate>
    <QtTranslate Include="locale\cs_CZ.ts">
      <Filter>Translations</Filter>
    </QtTranslate>
    <QtTranslate Include="locale\de_DE.ts">
      <Filter>Translations</Filter>
    </QtTranslate>
    <QtTranslate Include="locale\el_GR.ts">
      <Filter>Translations</Filter>
    </QtTranslate>
    <QtTranslate Include="locale\es_AR.ts">
      <Filter>Translations</Filter>
    </QtTranslate>
    <QtTranslate Include="locale\es_BO.ts">
      <Filter>Translations</Filter>
    </QtTranslate>
    <QtTranslate Include="locale\es_ES.ts">
      <Filter>Translations</Filter>
    </QtTranslate>
    <QtTranslate Include="locale\fr_FR.ts">
      <Filter>Translations</Filter>
    </QtTranslate>
    <QtTranslate Include="locale\it_IT.ts">
      <Filter>Translations</Filter>
    </QtTranslate>
    <QtTranslate Include="locale\ja_JP.ts">
      <Filter>Translations</Filter>
    </QtTranslate>
    <QtTranslate Include="locale\ko_KR.ts">
      <Filter>Translations</Filter>
    </QtTranslate>
    <QtTranslate Include="locale\lt_LT.ts">
      <Filter>Translations</Filter>
    </QtTranslate>
    <QtTranslate Include="locale\nl_NL.ts">
      <Filter>Translations</Filter>
    </QtTranslate>
    <QtTranslate Include="locale\pl_PL.ts">
      <Filter>Translations</Filter>
    </QtTranslate>
    <QtTranslate Include="locale\pt_BR.ts">
      <Filter>Translations</Filter>
    </QtTranslate>
    <QtTranslate Include="locale\qu_WI.ts">
      <Filter>Translations</Filter>
    </QtTranslate>
    <QtTranslate Include="locale\ru_RU.ts">
      <Filter>Translations</Filter>
    </QtTranslate>
    <QtTranslate Include="locale\sk_SK.ts">
      <Filter>Translations</Filter>
    </QtTranslate>
    <QtTranslate Include="locale\sq_AL.ts">
      <Filter>Translations</Filter>
    </QtTranslate>
    <QtTranslate Include="locale\tg_TJ.ts">
      <Filter>Translations</Filter>
    </QtTranslate>
    <QtTranslate Include="locale\tr_TR.ts">
      <Filter>Translations</Filter>
    </QtTranslate>
    <QtTranslate Include="locale\uk_UA.ts">
      <Filter>Translations</Filter>
    </QtTranslate>
    <QtTranslate Include="locale\vi_VN.ts">
      <Filter>Translations</Filter>
    </QtTranslate>
    <QtTranslate Include="locale\zh_CN.ts">
      <Filter>Translations</Filter>
    </QtTranslate>
    <QtTranslate Include="locale\zh_TW.ts">
      <Filter>Translations</Filter>
    </QtTranslate>
    <QtTranslate Include="locale\sr_SR.ts">
      <Filter>Translations</Filter>
    </QtTranslate>
    <QtTranslate Include="locale\sv_SE.ts">
      <Filter>Translations</Filter>
    </QtTranslate>
  </ItemGroup>
  <ItemGroup>
    <QtMOCCompile Include="qtsingleapplication\src\qtlocalpeer.h">
      <Filter>Generated Files</Filter>
    </QtMOCCompile>
    <QtMOCCompile Include="qtsingleapplication\src\qtsingleapplication.h">
      <Filter>Generated Files</Filter>
    </QtMOCCompile>
    <QtMOCCompile Include="about.hh">
      <Filter>Headers</Filter>
    </QtMOCCompile>
    <QtMOCCompile Include="article_maker.hh">
      <Filter>Headers</Filter>
    </QtMOCCompile>
    <QtMOCCompile Include="article_netmgr.hh">
      <Filter>Headers</Filter>
    </QtMOCCompile>
    <QtMOCCompile Include="articleinspector.hh">
      <Filter>Headers</Filter>
    </QtMOCCompile>
    <QtMOCCompile Include="articleview.hh">
      <Filter>Headers</Filter>
    </QtMOCCompile>
    <QtMOCCompile Include="articlewebview.hh">
      <Filter>Headers</Filter>
    </QtMOCCompile>
    <QtMOCCompile Include="config.hh">
      <Filter>Headers</Filter>
    </QtMOCCompile>
    <QtMOCCompile Include="dictinfo.hh">
      <Filter>Headers</Filter>
    </QtMOCCompile>
    <QtMOCCompile Include="dictionary.hh">
      <Filter>Headers</Filter>
    </QtMOCCompile>
    <QtMOCCompile Include="dictionarybar.hh">
      <Filter>Headers</Filter>
    </QtMOCCompile>
    <QtMOCCompile Include="dictspanewidget.hh">
      <Filter>Headers</Filter>
    </QtMOCCompile>
    <QtMOCCompile Include="editdictionaries.hh">
      <Filter>Headers</Filter>
    </QtMOCCompile>
    <QtMOCCompile Include="externalviewer.hh">
      <Filter>Headers</Filter>
    </QtMOCCompile>
    <QtMOCCompile Include="extlineedit.hh">
      <Filter>Headers</Filter>
    </QtMOCCompile>
    <QtMOCCompile Include="ffmpegaudio.hh">
      <Filter>Headers</Filter>
    </QtMOCCompile>
    <QtMOCCompile Include="forvo.hh">
      <Filter>Headers</Filter>
    </QtMOCCompile>
    <QtMOCCompile Include="gdappstyle.hh">
      <Filter>Headers</Filter>
    </QtMOCCompile>
    <QtMOCCompile Include="groupcombobox.hh">
      <Filter>Headers</Filter>
    </QtMOCCompile>
    <QtMOCCompile Include="groups.hh">
      <Filter>Headers</Filter>
    </QtMOCCompile>
    <QtMOCCompile Include="groups_widgets.hh">
      <Filter>Headers</Filter>
    </QtMOCCompile>
    <QtMOCCompile Include="history.hh">
      <Filter>Headers</Filter>
    </QtMOCCompile>
    <QtMOCCompile Include="historypanewidget.hh">
      <Filter>Headers</Filter>
    </QtMOCCompile>
    <QtMOCCompile Include="hotkeyedit.hh">
      <Filter>Headers</Filter>
    </QtMOCCompile>
    <QtMOCCompile Include="hotkeywrapper.hh">
      <Filter>Headers</Filter>
    </QtMOCCompile>
    <QtMOCCompile Include="initializing.hh">
      <Filter>Headers</Filter>
    </QtMOCCompile>
    <QtMOCCompile Include="loaddictionaries.hh">
      <Filter>Headers</Filter>
    </QtMOCCompile>
    <QtMOCCompile Include="mainstatusbar.hh">
      <Filter>Headers</Filter>
    </QtMOCCompile>
    <QtMOCCompile Include="maintabwidget.hh">
      <Filter>Headers</Filter>
    </QtMOCCompile>
    <QtMOCCompile Include="mainwindow.hh">
      <Filter>Headers</Filter>
    </QtMOCCompile>
    <QtMOCCompile Include="mediawiki.hh">
      <Filter>Headers</Filter>
    </QtMOCCompile>
    <QtMOCCompile Include="mouseover.hh">
      <Filter>Headers</Filter>
    </QtMOCCompile>
    <QtMOCCompile Include="mruqmenu.hh">
      <Filter>Headers</Filter>
    </QtMOCCompile>
    <QtMOCCompile Include="orderandprops.hh">
      <Filter>Headers</Filter>
    </QtMOCCompile>
    <QtMOCCompile Include="preferences.hh">
      <Filter>Headers</Filter>
    </QtMOCCompile>
    <QtMOCCompile Include="programs.hh">
      <Filter>Headers</Filter>
    </QtMOCCompile>
    <QtMOCCompile Include="scanpopup.hh">
      <Filter>Headers</Filter>
    </QtMOCCompile>
    <QtMOCCompile Include="sources.hh">
      <Filter>Headers</Filter>
    </QtMOCCompile>
    <QtMOCCompile Include="speechclient.hh">
      <Filter>Headers</Filter>
    </QtMOCCompile>
    <QtMOCCompile Include="stylescombobox.hh">
      <Filter>Headers</Filter>
    </QtMOCCompile>
    <QtMOCCompile Include="texttospeechsource.hh">
      <Filter>Headers</Filter>
    </QtMOCCompile>
    <QtMOCCompile Include="translatebox.hh">
      <Filter>Headers</Filter>
    </QtMOCCompile>
    <QtMOCCompile Include="webmultimediadownload.hh">
      <Filter>Headers</Filter>
    </QtMOCCompile>
    <QtMOCCompile Include="wordfinder.hh">
      <Filter>Headers</Filter>
    </QtMOCCompile>
    <QtMOCCompile Include="wordlist.hh">
      <Filter>Headers</Filter>
    </QtMOCCompile>
  </ItemGroup>
  <ItemGroup>
    <Text Include="flags\00readme.txt">
      <Filter>Resources\Flags</Filter>
    </Text>
  </ItemGroup>
  <ItemGroup>
    <None Include="qt-style-macos.css">
      <Filter>Resources\CSS</Filter>
    </None>
    <None Include="qt-style-st-babylon.css">
      <Filter>Resources\CSS</Filter>
    </None>
    <None Include="qt-style-st-lingoes-blue.css">
      <Filter>Resources\CSS</Filter>
    </None>
    <None Include="qt-style-st-lingvo.css">
      <Filter>Resources\CSS</Filter>
    </None>
    <None Include="qt-style-st-modern.css">
      <Filter>Resources\CSS</Filter>
    </None>
    <None Include="qt-style.css">
      <Filter>Resources\CSS</Filter>
    </None>
    <None Include="icons\icon.svg">
      <Filter>Resources\Icons</Filter>
    </None>
    <None Include="flags\id.png">
      <Filter>Resources\Flags</Filter>
    </None>
    <None Include="flags\ie.png">
      <Filter>Resources\Flags</Filter>
    </None>
    <None Include="flags\il.png">
      <Filter>Resources\Flags</Filter>
    </None>
    <None Include="flags\in.png">
      <Filter>Resources\Flags</Filter>
    </None>
    <None Include="flags\me.png">
      <Filter>Resources\Flags</Filter>
    </None>
    <None Include="flags\md.png">
      <Filter>Resources\Flags</Filter>
    </None>
    <None Include="flags\mc.png">
      <Filter>Resources\Flags</Filter>
    </None>
    <None Include="icons\video.png">
      <Filter>Resources\Icons</Filter>
    </None>
    <None Include="icons\warning.png">
      <Filter>Resources\Icons</Filter>
    </None>
    <None Include="flags\wiki.png">
      <Filter>Resources\Icons</Filter>
    </None>
    <None Include="icons\windows-list.png">
      <Filter>Resources\Icons</Filter>
    </None>
    <None Include="icons\wizard.png">
      <Filter>Resources\Icons</Filter>
    </None>
    <None Include="icons\interface.png">
      <Filter>Resources\Icons</Filter>
    </None>
    <None Include="icons\internet.png">
      <Filter>Resources\Icons</Filter>
    </None>
    <None Include="icons\macicon.png">
      <Filter>Resources\Icons</Filter>
    </None>
    <None Include="icons\mdict.png">
      <Filter>Resources\Icons</Filter>
    </None>
    <None Include="icons\menu_button.png">
      <Filter>Resources\Icons</Filter>
    </None>
    <None Include="icons\network.png">
      <Filter>Resources\Icons</Filter>
    </None>
    <None Include="icons\next.png">
      <Filter>Resources\Icons</Filter>
    </None>
    <None Include="flags\other.png">
      <Filter>Resources\Icons</Filter>
    </None>
    <None Include="icons\playsound.png">
      <Filter>Resources\Icons</Filter>
    </None>
    <None Include="icons\prefix.png">
      <Filter>Resources\Icons</Filter>
    </None>
    <None Include="icons\previous.png">
      <Filter>Resources\Icons</Filter>
    </None>
    <None Include="icons\print.png">
      <Filter>Resources\Icons</Filter>
    </None>
    <None Include="icons\programicon.png">
      <Filter>Resources\Icons</Filter>
    </None>
    <None Include="icons\programicon_scan.png">
      <Filter>Resources\Icons</Filter>
    </None>
    <None Include="icons\programs.png">
      <Filter>Resources\Icons</Filter>
    </None>
    <None Include="icons\pushpin.png">
      <Filter>Resources\Icons</Filter>
    </None>
    <None Include="icons\reload.png">
      <Filter>Resources\Icons</Filter>
    </None>
    <None Include="icons\system-search.png">
      <Filter>Resources\Icons</Filter>
    </None>
  </ItemGroup>
  <ItemGroup>
    <Image Include="icons\programicon.ico">
      <Filter>Resources\Icons</Filter>
    </Image>
    <Image Include="icons\programicon_old.ico">
      <Filter>Resources\Icons</Filter>
    </Image>
    <Image Include="icons\1downarrow.png">
      <Filter>Resources\Icons</Filter>
    </Image>
    <Image Include="icons\addtab.png">
      <Filter>Resources\Icons</Filter>
    </Image>
    <Image Include="icons\arrow.png">
      <Filter>Resources\Icons</Filter>
    </Image>
    <Image Include="icons\blank.png">
      <Filter>Resources\Icons</Filter>
    </Image>
    <Image Include="icons\book.png">
      <Filter>Resources\Icons</Filter>
    </Image>
    <Image Include="icons\bookcase.png">
      <Filter>Resources\Icons</Filter>
    </Image>
    <Image Include="icons\clear.png">
      <Filter>Resources\Icons</Filter>
    </Image>
    <Image Include="icons\closetab.png">
      <Filter>Resources\Icons</Filter>
    </Image>
    <Image Include="icons\collapse_article.png">
      <Filter>Resources\Icons</Filter>
    </Image>
    <Image Include="icons\collapse_article_hovered.png">
      <Filter>Resources\Icons</Filter>
    </Image>
    <Image Include="icons\collapse_opt.png">
      <Filter>Resources\Icons</Filter>
    </Image>
    <Image Include="icons\configure.png">
      <Filter>Resources\Icons</Filter>
    </Image>
    <Image Include="icons\downarrow.png">
      <Filter>Resources\Icons</Filter>
    </Image>
    <Image Include="icons\expand_article.png">
      <Filter>Resources\Icons</Filter>
    </Image>
    <Image Include="icons\expand_article_hovered.png">
      <Filter>Resources\Icons</Filter>
    </Image>
    <Image Include="icons\expand_opt.png">
      <Filter>Resources\Icons</Filter>
    </Image>
    <Image Include="icons\fileopen.png">
      <Filter>Resources\Icons</Filter>
    </Image>
    <Image Include="icons\filesave.png">
      <Filter>Resources\Icons</Filter>
    </Image>
    <Image Include="icons\forvo.png">
      <Filter>Resources\Icons</Filter>
    </Image>
    <Image Include="icons\highlighter.png">
      <Filter>Resources\Icons</Filter>
    </Image>
    <Image Include="icons\hotkeys.png">
      <Filter>Resources\Icons</Filter>
    </Image>
    <Image Include="icons\icon_dsl_native.png">
      <Filter>Resources\Icons</Filter>
    </Image>
    <Image Include="icons\icon32_aard.png">
      <Filter>Resources\Icons</Filter>
    </Image>
    <Image Include="icons\icon32_bgl.png">
      <Filter>Resources\Icons</Filter>
    </Image>
    <Image Include="icons\icon32_dictd.png">
      <Filter>Resources\Icons</Filter>
    </Image>
    <Image Include="icons\icon32_dsl.png">
      <Filter>Resources\Icons</Filter>
    </Image>
    <Image Include="icons\icon32_hunspell.png">
      <Filter>Resources\Icons</Filter>
    </Image>
    <Image Include="icons\icon32_lingoes.png">
      <Filter>Resources\Icons</Filter>
    </Image>
    <Image Include="icons\icon32_sdict.png">
      <Filter>Resources\Icons</Filter>
    </Image>
    <Image Include="icons\icon32_stardict.png">
      <Filter>Resources\Icons</Filter>
    </Image>
    <Image Include="icons\icon32_wiki.png">
      <Filter>Resources\Icons</Filter>
    </Image>
    <Image Include="icons\icon32_xdxf.png">
      <Filter>Resources\Icons</Filter>
    </Image>
    <Image Include="icons\icon32_zoombase.png">
      <Filter>Resources\Icons</Filter>
    </Image>
    <Image Include="icons\icon32_zoomin.png">
      <Filter>Resources\Icons</Filter>
    </Image>
    <Image Include="icons\icon32_zoomout.png">
      <Filter>Resources\Icons</Filter>
    </Image>
    <Image Include="icons\programicon_old.png">
      <Filter>Resources\Icons</Filter>
    </Image>
    <Image Include="icons\playsound_color.png">
      <Filter>Resources\Icons</Filter>
    </Image>
    <Image Include="icons\playsound_full.png">
      <Filter>Resources\Icons</Filter>
    </Image>
  </ItemGroup>
  <ItemGroup>
    <ResourceCompile Include="goldendict.rc">
      <Filter>Resources</Filter>
    </ResourceCompile>
  </ItemGroup>
  <ItemGroup>
    <QtRCCCompile Include="flags.qrc">
      <Filter>Resources</Filter>
    </QtRCCCompile>
    <QtRCCCompile Include="resources.qrc">
      <Filter>Resources</Filter>
    </QtRCCCompile>
  </ItemGroup>
</Project>